// !$*UTF8*$!
{
	archiveVersion = 1;
	classes = {
	};
	objectVersion = 46;
	objects = {

/* Begin PBXBuildFile section */
		15AF42AA1D36848100E70343 /* MercadoPagoSDK.framework in Frameworks */ = {isa = PBXBuildFile; fileRef = 76EF7EFB1D255AA10087C785 /* MercadoPagoSDK.framework */; };
		15AF42AB1D36848100E70343 /* MercadoPagoSDK.framework in Embed Frameworks */ = {isa = PBXBuildFile; fileRef = 76EF7EFB1D255AA10087C785 /* MercadoPagoSDK.framework */; settings = {ATTRIBUTES = (CodeSignOnCopy, RemoveHeadersOnCopy, ); }; };
		15C84A981D2D531E002E4988 /* MediosOffTableViewController.m in Sources */ = {isa = PBXBuildFile; fileRef = 15C84A971D2D531E002E4988 /* MediosOffTableViewController.m */; };
		4B34DC331E5DA33100FDD295 /* AppDelegate.m in Sources */ = {isa = PBXBuildFile; fileRef = 76EF7EC41D2559140087C785 /* AppDelegate.m */; };
		4B7AA9801E55E64C000902B9 /* DineroEnCuentaTableViewCell.m in Sources */ = {isa = PBXBuildFile; fileRef = 4B7AA97E1E55E64C000902B9 /* DineroEnCuentaTableViewCell.m */; };
		4B7AA9811E55E64C000902B9 /* DineroEnCuentaTableViewCell.m in Sources */ = {isa = PBXBuildFile; fileRef = 4B7AA97E1E55E64C000902B9 /* DineroEnCuentaTableViewCell.m */; };
		4B7AA9821E55E64C000902B9 /* DineroEnCuentaTableViewCell.xib in Resources */ = {isa = PBXBuildFile; fileRef = 4B7AA97F1E55E64C000902B9 /* DineroEnCuentaTableViewCell.xib */; };
		4B7AA9831E55E64C000902B9 /* DineroEnCuentaTableViewCell.xib in Resources */ = {isa = PBXBuildFile; fileRef = 4B7AA97F1E55E64C000902B9 /* DineroEnCuentaTableViewCell.xib */; };
		4B7D07DB1E55324700E6CA78 /* SubeTableViewCell.m in Sources */ = {isa = PBXBuildFile; fileRef = 4B7D07D91E55324700E6CA78 /* SubeTableViewCell.m */; };
		4B7D07DC1E55324700E6CA78 /* SubeTableViewCell.xib in Resources */ = {isa = PBXBuildFile; fileRef = 4B7D07DA1E55324700E6CA78 /* SubeTableViewCell.xib */; };
		763B44F91D2BFEB0002E2B39 /* SelectPaymentMethodTableViewController.m in Sources */ = {isa = PBXBuildFile; fileRef = 763B44F81D2BFEB0002E2B39 /* SelectPaymentMethodTableViewController.m */; };
		763B45021D2C02DE002E2B39 /* InstallmentsTableViewController.m in Sources */ = {isa = PBXBuildFile; fileRef = 763B45011D2C02DE002E2B39 /* InstallmentsTableViewController.m */; };
		766627571D2AFDF9002EB903 /* SavedCardsTableViewController.m in Sources */ = {isa = PBXBuildFile; fileRef = 766627561D2AFDF9002EB903 /* SavedCardsTableViewController.m */; };
		767D8DBC1E5541EC0004FCA9 /* CustomItemTableViewCell.m in Sources */ = {isa = PBXBuildFile; fileRef = 767D8DBA1E5541EC0004FCA9 /* CustomItemTableViewCell.m */; };
		767D8DBD1E5541EC0004FCA9 /* CustomItemTableViewCell.xib in Resources */ = {isa = PBXBuildFile; fileRef = 767D8DBB1E5541EC0004FCA9 /* CustomItemTableViewCell.xib */; };
		76BAC6471E4B2F220081F675 /* CustomTableViewCell.m in Sources */ = {isa = PBXBuildFile; fileRef = 76BAC6461E4B2F220081F675 /* CustomTableViewCell.m */; };
		76BAC64A1E4B30060081F675 /* CustomTableViewCell.xib in Resources */ = {isa = PBXBuildFile; fileRef = 76BAC6491E4B30060081F675 /* CustomTableViewCell.xib */; };
		76E6E06A1D2AD33F006CE49B /* SimpleVaultViewController.m in Sources */ = {isa = PBXBuildFile; fileRef = 76E6E0681D2AD33F006CE49B /* SimpleVaultViewController.m */; };
		76E6E06E1D2AE529006CE49B /* SimpleVaultFormViewController.m in Sources */ = {isa = PBXBuildFile; fileRef = 76E6E06D1D2AE529006CE49B /* SimpleVaultFormViewController.m */; };
		76EF7EC21D2559140087C785 /* main.m in Sources */ = {isa = PBXBuildFile; fileRef = 76EF7EC11D2559140087C785 /* main.m */; };
		76EF7EC51D2559140087C785 /* AppDelegate.m in Sources */ = {isa = PBXBuildFile; fileRef = 76EF7EC41D2559140087C785 /* AppDelegate.m */; };
		76EF7ECB1D2559140087C785 /* Main.storyboard in Resources */ = {isa = PBXBuildFile; fileRef = 76EF7EC91D2559140087C785 /* Main.storyboard */; };
		76EF7ECD1D2559140087C785 /* Assets.xcassets in Resources */ = {isa = PBXBuildFile; fileRef = 76EF7ECC1D2559140087C785 /* Assets.xcassets */; };
		76EF7ED01D2559140087C785 /* LaunchScreen.storyboard in Resources */ = {isa = PBXBuildFile; fileRef = 76EF7ECE1D2559140087C785 /* LaunchScreen.storyboard */; };
		76EF7EDB1D2559140087C785 /* MercadoPagoSDKExamplesObjectiveCTests.m in Sources */ = {isa = PBXBuildFile; fileRef = 76EF7EDA1D2559140087C785 /* MercadoPagoSDKExamplesObjectiveCTests.m */; };
		76EF7F221D255C7E0087C785 /* ExampleUtils.m in Sources */ = {isa = PBXBuildFile; fileRef = 76EF7F211D255C7E0087C785 /* ExampleUtils.m */; };
		76EF7F5A1D26FDB80087C785 /* MainExamplesViewController.m in Sources */ = {isa = PBXBuildFile; fileRef = 76EF7F591D26FDB80087C785 /* MainExamplesViewController.m */; };
		76EF7F5D1D27027A0087C785 /* StepsExamplesViewController.m in Sources */ = {isa = PBXBuildFile; fileRef = 76EF7F5C1D27027A0087C785 /* StepsExamplesViewController.m */; };
		76EF7F601D2706720087C785 /* ServicesExamplesViewController.m in Sources */ = {isa = PBXBuildFile; fileRef = 76EF7F5F1D2706720087C785 /* ServicesExamplesViewController.m */; };
/* End PBXBuildFile section */

/* Begin PBXContainerItemProxy section */
		15AF42AC1D36848100E70343 /* PBXContainerItemProxy */ = {
			isa = PBXContainerItemProxy;
			containerPortal = 76EF7EF51D255AA10087C785 /* MercadoPagoSDK.xcodeproj */;
			proxyType = 1;
			remoteGlobalIDString = 0F9883091AD2A97A00F750F0;
			remoteInfo = MercadoPagoSDK;
		};
		76EF7ED71D2559140087C785 /* PBXContainerItemProxy */ = {
			isa = PBXContainerItemProxy;
			containerPortal = 76EF7EB51D2559140087C785 /* Project object */;
			proxyType = 1;
			remoteGlobalIDString = 76EF7EBC1D2559140087C785;
			remoteInfo = MercadoPagoSDKExamplesObjectiveC;
		};
		76EF7EFA1D255AA10087C785 /* PBXContainerItemProxy */ = {
			isa = PBXContainerItemProxy;
			containerPortal = 76EF7EF51D255AA10087C785 /* MercadoPagoSDK.xcodeproj */;
			proxyType = 2;
			remoteGlobalIDString = 0F98830A1AD2A97A00F750F0;
			remoteInfo = MercadoPagoSDK;
		};
		76EF7EFC1D255AA10087C785 /* PBXContainerItemProxy */ = {
			isa = PBXContainerItemProxy;
			containerPortal = 76EF7EF51D255AA10087C785 /* MercadoPagoSDK.xcodeproj */;
			proxyType = 2;
			remoteGlobalIDString = 0F9883151AD2A97A00F750F0;
			remoteInfo = MercadoPagoSDKTests;
		};
/* End PBXContainerItemProxy section */

/* Begin PBXCopyFilesBuildPhase section */
		15AF42AE1D36848100E70343 /* Embed Frameworks */ = {
			isa = PBXCopyFilesBuildPhase;
			buildActionMask = 2147483647;
			dstPath = "";
			dstSubfolderSpec = 10;
			files = (
				15AF42AB1D36848100E70343 /* MercadoPagoSDK.framework in Embed Frameworks */,
			);
			name = "Embed Frameworks";
			runOnlyForDeploymentPostprocessing = 0;
		};
/* End PBXCopyFilesBuildPhase section */

/* Begin PBXFileReference section */
		15C84A961D2D531E002E4988 /* MediosOffTableViewController.h */ = {isa = PBXFileReference; fileEncoding = 4; lastKnownFileType = sourcecode.c.h; path = MediosOffTableViewController.h; sourceTree = "<group>"; };
		15C84A971D2D531E002E4988 /* MediosOffTableViewController.m */ = {isa = PBXFileReference; fileEncoding = 4; lastKnownFileType = sourcecode.c.objc; path = MediosOffTableViewController.m; sourceTree = "<group>"; };
		4B7AA97D1E55E64C000902B9 /* DineroEnCuentaTableViewCell.h */ = {isa = PBXFileReference; fileEncoding = 4; lastKnownFileType = sourcecode.c.h; path = DineroEnCuentaTableViewCell.h; sourceTree = "<group>"; };
		4B7AA97E1E55E64C000902B9 /* DineroEnCuentaTableViewCell.m */ = {isa = PBXFileReference; fileEncoding = 4; lastKnownFileType = sourcecode.c.objc; path = DineroEnCuentaTableViewCell.m; sourceTree = "<group>"; };
		4B7AA97F1E55E64C000902B9 /* DineroEnCuentaTableViewCell.xib */ = {isa = PBXFileReference; fileEncoding = 4; lastKnownFileType = file.xib; path = DineroEnCuentaTableViewCell.xib; sourceTree = "<group>"; };
		4B7D07D81E55324700E6CA78 /* SubeTableViewCell.h */ = {isa = PBXFileReference; fileEncoding = 4; lastKnownFileType = sourcecode.c.h; path = SubeTableViewCell.h; sourceTree = "<group>"; };
		4B7D07D91E55324700E6CA78 /* SubeTableViewCell.m */ = {isa = PBXFileReference; fileEncoding = 4; lastKnownFileType = sourcecode.c.objc; path = SubeTableViewCell.m; sourceTree = "<group>"; };
		4B7D07DA1E55324700E6CA78 /* SubeTableViewCell.xib */ = {isa = PBXFileReference; fileEncoding = 4; lastKnownFileType = file.xib; path = SubeTableViewCell.xib; sourceTree = "<group>"; };
		763B44F71D2BFEB0002E2B39 /* SelectPaymentMethodTableViewController.h */ = {isa = PBXFileReference; fileEncoding = 4; lastKnownFileType = sourcecode.c.h; path = SelectPaymentMethodTableViewController.h; sourceTree = "<group>"; };
		763B44F81D2BFEB0002E2B39 /* SelectPaymentMethodTableViewController.m */ = {isa = PBXFileReference; fileEncoding = 4; lastKnownFileType = sourcecode.c.objc; path = SelectPaymentMethodTableViewController.m; sourceTree = "<group>"; };
		763B45001D2C02DE002E2B39 /* InstallmentsTableViewController.h */ = {isa = PBXFileReference; fileEncoding = 4; lastKnownFileType = sourcecode.c.h; path = InstallmentsTableViewController.h; sourceTree = "<group>"; };
		763B45011D2C02DE002E2B39 /* InstallmentsTableViewController.m */ = {isa = PBXFileReference; fileEncoding = 4; lastKnownFileType = sourcecode.c.objc; path = InstallmentsTableViewController.m; sourceTree = "<group>"; };
		766627551D2AFDF9002EB903 /* SavedCardsTableViewController.h */ = {isa = PBXFileReference; fileEncoding = 4; lastKnownFileType = sourcecode.c.h; path = SavedCardsTableViewController.h; sourceTree = "<group>"; };
		766627561D2AFDF9002EB903 /* SavedCardsTableViewController.m */ = {isa = PBXFileReference; fileEncoding = 4; lastKnownFileType = sourcecode.c.objc; path = SavedCardsTableViewController.m; sourceTree = "<group>"; };
		767D8DB91E5541EC0004FCA9 /* CustomItemTableViewCell.h */ = {isa = PBXFileReference; fileEncoding = 4; lastKnownFileType = sourcecode.c.h; path = CustomItemTableViewCell.h; sourceTree = "<group>"; };
		767D8DBA1E5541EC0004FCA9 /* CustomItemTableViewCell.m */ = {isa = PBXFileReference; fileEncoding = 4; lastKnownFileType = sourcecode.c.objc; path = CustomItemTableViewCell.m; sourceTree = "<group>"; };
		767D8DBB1E5541EC0004FCA9 /* CustomItemTableViewCell.xib */ = {isa = PBXFileReference; fileEncoding = 4; lastKnownFileType = file.xib; path = CustomItemTableViewCell.xib; sourceTree = "<group>"; };
		76BAC63F1E4B2ED80081F675 /* MercadoPagoSDKExamplesObjectiveC-Bridging-Header.h */ = {isa = PBXFileReference; lastKnownFileType = sourcecode.c.h; path = "MercadoPagoSDKExamplesObjectiveC-Bridging-Header.h"; sourceTree = "<group>"; };
		76BAC6451E4B2F220081F675 /* CustomTableViewCell.h */ = {isa = PBXFileReference; fileEncoding = 4; lastKnownFileType = sourcecode.c.h; path = CustomTableViewCell.h; sourceTree = "<group>"; };
		76BAC6461E4B2F220081F675 /* CustomTableViewCell.m */ = {isa = PBXFileReference; fileEncoding = 4; lastKnownFileType = sourcecode.c.objc; path = CustomTableViewCell.m; sourceTree = "<group>"; };
		76BAC6491E4B30060081F675 /* CustomTableViewCell.xib */ = {isa = PBXFileReference; fileEncoding = 4; lastKnownFileType = file.xib; path = CustomTableViewCell.xib; sourceTree = "<group>"; };
		76E6E0671D2AD33F006CE49B /* SimpleVaultViewController.h */ = {isa = PBXFileReference; fileEncoding = 4; lastKnownFileType = sourcecode.c.h; path = SimpleVaultViewController.h; sourceTree = "<group>"; };
		76E6E0681D2AD33F006CE49B /* SimpleVaultViewController.m */ = {isa = PBXFileReference; fileEncoding = 4; lastKnownFileType = sourcecode.c.objc; path = SimpleVaultViewController.m; sourceTree = "<group>"; };
		76E6E06C1D2AE529006CE49B /* SimpleVaultFormViewController.h */ = {isa = PBXFileReference; fileEncoding = 4; lastKnownFileType = sourcecode.c.h; path = SimpleVaultFormViewController.h; sourceTree = "<group>"; };
		76E6E06D1D2AE529006CE49B /* SimpleVaultFormViewController.m */ = {isa = PBXFileReference; fileEncoding = 4; lastKnownFileType = sourcecode.c.objc; path = SimpleVaultFormViewController.m; sourceTree = "<group>"; };
		76EF7EBD1D2559140087C785 /* MercadoPagoSDKExamplesObjectiveC.app */ = {isa = PBXFileReference; explicitFileType = wrapper.application; includeInIndex = 0; path = MercadoPagoSDKExamplesObjectiveC.app; sourceTree = BUILT_PRODUCTS_DIR; };
		76EF7EC11D2559140087C785 /* main.m */ = {isa = PBXFileReference; lastKnownFileType = sourcecode.c.objc; path = main.m; sourceTree = "<group>"; };
		76EF7EC31D2559140087C785 /* AppDelegate.h */ = {isa = PBXFileReference; lastKnownFileType = sourcecode.c.h; path = AppDelegate.h; sourceTree = "<group>"; };
		76EF7EC41D2559140087C785 /* AppDelegate.m */ = {isa = PBXFileReference; lastKnownFileType = sourcecode.c.objc; path = AppDelegate.m; sourceTree = "<group>"; };
		76EF7ECA1D2559140087C785 /* Base */ = {isa = PBXFileReference; lastKnownFileType = file.storyboard; name = Base; path = Base.lproj/Main.storyboard; sourceTree = "<group>"; };
		76EF7ECC1D2559140087C785 /* Assets.xcassets */ = {isa = PBXFileReference; lastKnownFileType = folder.assetcatalog; path = Assets.xcassets; sourceTree = "<group>"; };
		76EF7ECF1D2559140087C785 /* Base */ = {isa = PBXFileReference; lastKnownFileType = file.storyboard; name = Base; path = Base.lproj/LaunchScreen.storyboard; sourceTree = "<group>"; };
		76EF7ED11D2559140087C785 /* Info.plist */ = {isa = PBXFileReference; lastKnownFileType = text.plist.xml; path = Info.plist; sourceTree = "<group>"; };
		76EF7ED61D2559140087C785 /* MercadoPagoSDKExamplesObjectiveCTests.xctest */ = {isa = PBXFileReference; explicitFileType = wrapper.cfbundle; includeInIndex = 0; path = MercadoPagoSDKExamplesObjectiveCTests.xctest; sourceTree = BUILT_PRODUCTS_DIR; };
		76EF7EDA1D2559140087C785 /* MercadoPagoSDKExamplesObjectiveCTests.m */ = {isa = PBXFileReference; lastKnownFileType = sourcecode.c.objc; path = MercadoPagoSDKExamplesObjectiveCTests.m; sourceTree = "<group>"; };
		76EF7EDC1D2559140087C785 /* Info.plist */ = {isa = PBXFileReference; lastKnownFileType = text.plist.xml; path = Info.plist; sourceTree = "<group>"; };
		76EF7EE51D2559140087C785 /* MercadoPagoSDKExamplesObjectiveCUITests.m */ = {isa = PBXFileReference; lastKnownFileType = sourcecode.c.objc; path = MercadoPagoSDKExamplesObjectiveCUITests.m; sourceTree = "<group>"; };
		76EF7EE71D2559140087C785 /* Info.plist */ = {isa = PBXFileReference; lastKnownFileType = text.plist.xml; path = Info.plist; sourceTree = "<group>"; };
		76EF7EF51D255AA10087C785 /* MercadoPagoSDK.xcodeproj */ = {isa = PBXFileReference; lastKnownFileType = "wrapper.pb-project"; name = MercadoPagoSDK.xcodeproj; path = ../MercadoPagoSDK/MercadoPagoSDK.xcodeproj; sourceTree = "<group>"; };
		76EF7F0D1D255AC20087C785 /* Pods.xcodeproj */ = {isa = PBXFileReference; lastKnownFileType = "wrapper.pb-project"; name = Pods.xcodeproj; path = ../MercadoPagoSDK/Pods/Pods.xcodeproj; sourceTree = "<group>"; };
		76EF7F201D255C7E0087C785 /* ExampleUtils.h */ = {isa = PBXFileReference; fileEncoding = 4; lastKnownFileType = sourcecode.c.h; path = ExampleUtils.h; sourceTree = "<group>"; };
		76EF7F211D255C7E0087C785 /* ExampleUtils.m */ = {isa = PBXFileReference; fileEncoding = 4; lastKnownFileType = sourcecode.c.objc; path = ExampleUtils.m; sourceTree = "<group>"; };
		76EF7F581D26FDB80087C785 /* MainExamplesViewController.h */ = {isa = PBXFileReference; fileEncoding = 4; lastKnownFileType = sourcecode.c.h; path = MainExamplesViewController.h; sourceTree = "<group>"; };
		76EF7F591D26FDB80087C785 /* MainExamplesViewController.m */ = {isa = PBXFileReference; fileEncoding = 4; lastKnownFileType = sourcecode.c.objc; path = MainExamplesViewController.m; sourceTree = "<group>"; };
		76EF7F5B1D27027A0087C785 /* StepsExamplesViewController.h */ = {isa = PBXFileReference; fileEncoding = 4; lastKnownFileType = sourcecode.c.h; path = StepsExamplesViewController.h; sourceTree = "<group>"; };
		76EF7F5C1D27027A0087C785 /* StepsExamplesViewController.m */ = {isa = PBXFileReference; fileEncoding = 4; lastKnownFileType = sourcecode.c.objc; path = StepsExamplesViewController.m; sourceTree = "<group>"; };
		76EF7F5E1D2706720087C785 /* ServicesExamplesViewController.h */ = {isa = PBXFileReference; fileEncoding = 4; lastKnownFileType = sourcecode.c.h; path = ServicesExamplesViewController.h; sourceTree = "<group>"; };
		76EF7F5F1D2706720087C785 /* ServicesExamplesViewController.m */ = {isa = PBXFileReference; fileEncoding = 4; lastKnownFileType = sourcecode.c.objc; path = ServicesExamplesViewController.m; sourceTree = "<group>"; };
/* End PBXFileReference section */

/* Begin PBXFrameworksBuildPhase section */
		76EF7EBA1D2559140087C785 /* Frameworks */ = {
			isa = PBXFrameworksBuildPhase;
			buildActionMask = 2147483647;
			files = (
				15AF42AA1D36848100E70343 /* MercadoPagoSDK.framework in Frameworks */,
			);
			runOnlyForDeploymentPostprocessing = 0;
		};
		76EF7ED31D2559140087C785 /* Frameworks */ = {
			isa = PBXFrameworksBuildPhase;
			buildActionMask = 2147483647;
			files = (
			);
			runOnlyForDeploymentPostprocessing = 0;
		};
/* End PBXFrameworksBuildPhase section */

/* Begin PBXGroup section */
		76E6E0601D2AD29C006CE49B /* Example */ = {
			isa = PBXGroup;
			children = (
				76E6E0671D2AD33F006CE49B /* SimpleVaultViewController.h */,
				76E6E0681D2AD33F006CE49B /* SimpleVaultViewController.m */,
				76E6E06C1D2AE529006CE49B /* SimpleVaultFormViewController.h */,
				76E6E06D1D2AE529006CE49B /* SimpleVaultFormViewController.m */,
				766627551D2AFDF9002EB903 /* SavedCardsTableViewController.h */,
				766627561D2AFDF9002EB903 /* SavedCardsTableViewController.m */,
				763B44F71D2BFEB0002E2B39 /* SelectPaymentMethodTableViewController.h */,
				763B44F81D2BFEB0002E2B39 /* SelectPaymentMethodTableViewController.m */,
				763B45001D2C02DE002E2B39 /* InstallmentsTableViewController.h */,
				763B45011D2C02DE002E2B39 /* InstallmentsTableViewController.m */,
				15C84A961D2D531E002E4988 /* MediosOffTableViewController.h */,
				15C84A971D2D531E002E4988 /* MediosOffTableViewController.m */,
				76BAC6451E4B2F220081F675 /* CustomTableViewCell.h */,
				76BAC6461E4B2F220081F675 /* CustomTableViewCell.m */,
				76BAC6491E4B30060081F675 /* CustomTableViewCell.xib */,
				4B7D07D81E55324700E6CA78 /* SubeTableViewCell.h */,
				4B7D07D91E55324700E6CA78 /* SubeTableViewCell.m */,
				4B7D07DA1E55324700E6CA78 /* SubeTableViewCell.xib */,
				4B7AA97D1E55E64C000902B9 /* DineroEnCuentaTableViewCell.h */,
				4B7AA97E1E55E64C000902B9 /* DineroEnCuentaTableViewCell.m */,
				4B7AA97F1E55E64C000902B9 /* DineroEnCuentaTableViewCell.xib */,
				767D8DB91E5541EC0004FCA9 /* CustomItemTableViewCell.h */,
				767D8DBA1E5541EC0004FCA9 /* CustomItemTableViewCell.m */,
				767D8DBB1E5541EC0004FCA9 /* CustomItemTableViewCell.xib */,
			);
			name = Example;
			sourceTree = "<group>";
		};
		76EF7EB41D2559140087C785 = {
			isa = PBXGroup;
			children = (
				76EF7EF51D255AA10087C785 /* MercadoPagoSDK.xcodeproj */,
				76EF7F0D1D255AC20087C785 /* Pods.xcodeproj */,
				76EF7EBF1D2559140087C785 /* MercadoPagoSDKExamplesObjectiveC */,
				76EF7ED91D2559140087C785 /* MercadoPagoSDKExamplesObjectiveCTests */,
				76EF7EE41D2559140087C785 /* MercadoPagoSDKExamplesObjectiveCUITests */,
				76EF7EBE1D2559140087C785 /* Products */,
			);
			sourceTree = "<group>";
		};
		76EF7EBE1D2559140087C785 /* Products */ = {
			isa = PBXGroup;
			children = (
				76EF7EBD1D2559140087C785 /* MercadoPagoSDKExamplesObjectiveC.app */,
				76EF7ED61D2559140087C785 /* MercadoPagoSDKExamplesObjectiveCTests.xctest */,
			);
			name = Products;
			sourceTree = "<group>";
		};
		76EF7EBF1D2559140087C785 /* MercadoPagoSDKExamplesObjectiveC */ = {
			isa = PBXGroup;
			children = (
				76E6E0601D2AD29C006CE49B /* Example */,
				76EF7F1E1D255B5F0087C785 /* Component Examples */,
				76EF7EC31D2559140087C785 /* AppDelegate.h */,
				76EF7EC41D2559140087C785 /* AppDelegate.m */,
				76EF7EC91D2559140087C785 /* Main.storyboard */,
				76EF7ECC1D2559140087C785 /* Assets.xcassets */,
				76EF7ECE1D2559140087C785 /* LaunchScreen.storyboard */,
				76EF7ED11D2559140087C785 /* Info.plist */,
				76EF7EC01D2559140087C785 /* Supporting Files */,
				76EF7F201D255C7E0087C785 /* ExampleUtils.h */,
				76EF7F211D255C7E0087C785 /* ExampleUtils.m */,
			);
			path = MercadoPagoSDKExamplesObjectiveC;
			sourceTree = "<group>";
		};
		76EF7EC01D2559140087C785 /* Supporting Files */ = {
			isa = PBXGroup;
			children = (
				76EF7EC11D2559140087C785 /* main.m */,
			);
			name = "Supporting Files";
			sourceTree = "<group>";
		};
		76EF7ED91D2559140087C785 /* MercadoPagoSDKExamplesObjectiveCTests */ = {
			isa = PBXGroup;
			children = (
				76EF7EDA1D2559140087C785 /* MercadoPagoSDKExamplesObjectiveCTests.m */,
				76EF7EDC1D2559140087C785 /* Info.plist */,
			);
			path = MercadoPagoSDKExamplesObjectiveCTests;
			sourceTree = "<group>";
		};
		76EF7EE41D2559140087C785 /* MercadoPagoSDKExamplesObjectiveCUITests */ = {
			isa = PBXGroup;
			children = (
				76EF7EE51D2559140087C785 /* MercadoPagoSDKExamplesObjectiveCUITests.m */,
				76EF7EE71D2559140087C785 /* Info.plist */,
			);
			path = MercadoPagoSDKExamplesObjectiveCUITests;
			sourceTree = "<group>";
		};
		76EF7EF61D255AA10087C785 /* Products */ = {
			isa = PBXGroup;
			children = (
				76EF7EFB1D255AA10087C785 /* MercadoPagoSDK.framework */,
				76EF7EFD1D255AA10087C785 /* MercadoPagoSDKTests.xctest */,
			);
			name = Products;
			sourceTree = "<group>";
		};
		76EF7F0E1D255AC20087C785 /* Products */ = {
			isa = PBXGroup;
			children = (
			);
			name = Products;
			sourceTree = "<group>";
		};
		76EF7F1E1D255B5F0087C785 /* Component Examples */ = {
			isa = PBXGroup;
			children = (
				76EF7F581D26FDB80087C785 /* MainExamplesViewController.h */,
				76EF7F591D26FDB80087C785 /* MainExamplesViewController.m */,
				76EF7F5B1D27027A0087C785 /* StepsExamplesViewController.h */,
				76EF7F5C1D27027A0087C785 /* StepsExamplesViewController.m */,
				76EF7F5E1D2706720087C785 /* ServicesExamplesViewController.h */,
				76EF7F5F1D2706720087C785 /* ServicesExamplesViewController.m */,
				76BAC63F1E4B2ED80081F675 /* MercadoPagoSDKExamplesObjectiveC-Bridging-Header.h */,
			);
			name = "Component Examples";
			sourceTree = "<group>";
		};
/* End PBXGroup section */

/* Begin PBXNativeTarget section */
		76EF7EBC1D2559140087C785 /* MercadoPagoSDKExamplesObjectiveC */ = {
			isa = PBXNativeTarget;
			buildConfigurationList = 76EF7EEA1D2559140087C785 /* Build configuration list for PBXNativeTarget "MercadoPagoSDKExamplesObjectiveC" */;
			buildPhases = (
				76EF7EB91D2559140087C785 /* Sources */,
				76EF7EBA1D2559140087C785 /* Frameworks */,
				76EF7EBB1D2559140087C785 /* Resources */,
				15AF42AE1D36848100E70343 /* Embed Frameworks */,
			);
			buildRules = (
			);
			dependencies = (
				15AF42AD1D36848100E70343 /* PBXTargetDependency */,
			);
			name = MercadoPagoSDKExamplesObjectiveC;
			productName = MercadoPagoSDKExamplesObjectiveC;
			productReference = 76EF7EBD1D2559140087C785 /* MercadoPagoSDKExamplesObjectiveC.app */;
			productType = "com.apple.product-type.application";
		};
		76EF7ED51D2559140087C785 /* MercadoPagoSDKExamplesObjectiveCTests */ = {
			isa = PBXNativeTarget;
			buildConfigurationList = 76EF7EED1D2559140087C785 /* Build configuration list for PBXNativeTarget "MercadoPagoSDKExamplesObjectiveCTests" */;
			buildPhases = (
				76EF7ED21D2559140087C785 /* Sources */,
				76EF7ED31D2559140087C785 /* Frameworks */,
				76EF7ED41D2559140087C785 /* Resources */,
			);
			buildRules = (
			);
			dependencies = (
				76EF7ED81D2559140087C785 /* PBXTargetDependency */,
			);
			name = MercadoPagoSDKExamplesObjectiveCTests;
			productName = MercadoPagoSDKExamplesObjectiveCTests;
			productReference = 76EF7ED61D2559140087C785 /* MercadoPagoSDKExamplesObjectiveCTests.xctest */;
			productType = "com.apple.product-type.bundle.unit-test";
		};
/* End PBXNativeTarget section */

/* Begin PBXProject section */
		76EF7EB51D2559140087C785 /* Project object */ = {
			isa = PBXProject;
			attributes = {
				LastUpgradeCheck = 0730;
				ORGANIZATIONNAME = MercadoPago;
				TargetAttributes = {
					76EF7EBC1D2559140087C785 = {
						CreatedOnToolsVersion = 7.3;
						DevelopmentTeam = FC266WG8NL;
						LastSwiftMigration = 0810;
					};
					76EF7ED51D2559140087C785 = {
						CreatedOnToolsVersion = 7.3;
						TestTargetID = 76EF7EBC1D2559140087C785;
					};
				};
			};
			buildConfigurationList = 76EF7EB81D2559140087C785 /* Build configuration list for PBXProject "MercadoPagoSDKExamplesObjectiveC" */;
			compatibilityVersion = "Xcode 3.2";
			developmentRegion = English;
			hasScannedForEncodings = 0;
			knownRegions = (
				en,
				Base,
			);
			mainGroup = 76EF7EB41D2559140087C785;
			productRefGroup = 76EF7EBE1D2559140087C785 /* Products */;
			projectDirPath = "";
			projectReferences = (
				{
					ProductGroup = 76EF7EF61D255AA10087C785 /* Products */;
					ProjectRef = 76EF7EF51D255AA10087C785 /* MercadoPagoSDK.xcodeproj */;
				},
				{
					ProductGroup = 76EF7F0E1D255AC20087C785 /* Products */;
					ProjectRef = 76EF7F0D1D255AC20087C785 /* Pods.xcodeproj */;
				},
			);
			projectRoot = "";
			targets = (
				76EF7EBC1D2559140087C785 /* MercadoPagoSDKExamplesObjectiveC */,
				76EF7ED51D2559140087C785 /* MercadoPagoSDKExamplesObjectiveCTests */,
			);
		};
/* End PBXProject section */

/* Begin PBXReferenceProxy section */
		76EF7EFB1D255AA10087C785 /* MercadoPagoSDK.framework */ = {
			isa = PBXReferenceProxy;
			fileType = wrapper.framework;
			path = MercadoPagoSDK.framework;
			remoteRef = 76EF7EFA1D255AA10087C785 /* PBXContainerItemProxy */;
			sourceTree = BUILT_PRODUCTS_DIR;
		};
		76EF7EFD1D255AA10087C785 /* MercadoPagoSDKTests.xctest */ = {
			isa = PBXReferenceProxy;
			fileType = wrapper.cfbundle;
			path = MercadoPagoSDKTests.xctest;
			remoteRef = 76EF7EFC1D255AA10087C785 /* PBXContainerItemProxy */;
			sourceTree = BUILT_PRODUCTS_DIR;
		};
/* End PBXReferenceProxy section */

/* Begin PBXResourcesBuildPhase section */
		76EF7EBB1D2559140087C785 /* Resources */ = {
			isa = PBXResourcesBuildPhase;
			buildActionMask = 2147483647;
			files = (
				76BAC64A1E4B30060081F675 /* CustomTableViewCell.xib in Resources */,
				4B7AA9821E55E64C000902B9 /* DineroEnCuentaTableViewCell.xib in Resources */,
				4B7D07DC1E55324700E6CA78 /* SubeTableViewCell.xib in Resources */,
				767D8DBD1E5541EC0004FCA9 /* CustomItemTableViewCell.xib in Resources */,
				76EF7ED01D2559140087C785 /* LaunchScreen.storyboard in Resources */,
				76EF7ECD1D2559140087C785 /* Assets.xcassets in Resources */,
				76EF7ECB1D2559140087C785 /* Main.storyboard in Resources */,
			);
			runOnlyForDeploymentPostprocessing = 0;
		};
		76EF7ED41D2559140087C785 /* Resources */ = {
			isa = PBXResourcesBuildPhase;
			buildActionMask = 2147483647;
			files = (
				4B7AA9831E55E64C000902B9 /* DineroEnCuentaTableViewCell.xib in Resources */,
			);
			runOnlyForDeploymentPostprocessing = 0;
		};
/* End PBXResourcesBuildPhase section */

/* Begin PBXSourcesBuildPhase section */
		76EF7EB91D2559140087C785 /* Sources */ = {
			isa = PBXSourcesBuildPhase;
			buildActionMask = 2147483647;
			files = (
				76EF7EC51D2559140087C785 /* AppDelegate.m in Sources */,
				767D8DBC1E5541EC0004FCA9 /* CustomItemTableViewCell.m in Sources */,
				766627571D2AFDF9002EB903 /* SavedCardsTableViewController.m in Sources */,
				4B7D07DB1E55324700E6CA78 /* SubeTableViewCell.m in Sources */,
				76EF7F221D255C7E0087C785 /* ExampleUtils.m in Sources */,
				76EF7F5A1D26FDB80087C785 /* MainExamplesViewController.m in Sources */,
				15C84A981D2D531E002E4988 /* MediosOffTableViewController.m in Sources */,
				763B45021D2C02DE002E2B39 /* InstallmentsTableViewController.m in Sources */,
				76E6E06E1D2AE529006CE49B /* SimpleVaultFormViewController.m in Sources */,
				76EF7F5D1D27027A0087C785 /* StepsExamplesViewController.m in Sources */,
				76E6E06A1D2AD33F006CE49B /* SimpleVaultViewController.m in Sources */,
				76EF7F601D2706720087C785 /* ServicesExamplesViewController.m in Sources */,
				76EF7EC21D2559140087C785 /* main.m in Sources */,
				763B44F91D2BFEB0002E2B39 /* SelectPaymentMethodTableViewController.m in Sources */,
				76BAC6471E4B2F220081F675 /* CustomTableViewCell.m in Sources */,
				4B7AA9801E55E64C000902B9 /* DineroEnCuentaTableViewCell.m in Sources */,
			);
			runOnlyForDeploymentPostprocessing = 0;
		};
		76EF7ED21D2559140087C785 /* Sources */ = {
			isa = PBXSourcesBuildPhase;
			buildActionMask = 2147483647;
			files = (
				4B34DC331E5DA33100FDD295 /* AppDelegate.m in Sources */,
				4B7AA9811E55E64C000902B9 /* DineroEnCuentaTableViewCell.m in Sources */,
				76EF7EDB1D2559140087C785 /* MercadoPagoSDKExamplesObjectiveCTests.m in Sources */,
			);
			runOnlyForDeploymentPostprocessing = 0;
		};
/* End PBXSourcesBuildPhase section */

/* Begin PBXTargetDependency section */
		15AF42AD1D36848100E70343 /* PBXTargetDependency */ = {
			isa = PBXTargetDependency;
			name = MercadoPagoSDK;
			targetProxy = 15AF42AC1D36848100E70343 /* PBXContainerItemProxy */;
		};
		76EF7ED81D2559140087C785 /* PBXTargetDependency */ = {
			isa = PBXTargetDependency;
			target = 76EF7EBC1D2559140087C785 /* MercadoPagoSDKExamplesObjectiveC */;
			targetProxy = 76EF7ED71D2559140087C785 /* PBXContainerItemProxy */;
		};
/* End PBXTargetDependency section */

/* Begin PBXVariantGroup section */
		76EF7EC91D2559140087C785 /* Main.storyboard */ = {
			isa = PBXVariantGroup;
			children = (
				76EF7ECA1D2559140087C785 /* Base */,
			);
			name = Main.storyboard;
			sourceTree = "<group>";
		};
		76EF7ECE1D2559140087C785 /* LaunchScreen.storyboard */ = {
			isa = PBXVariantGroup;
			children = (
				76EF7ECF1D2559140087C785 /* Base */,
			);
			name = LaunchScreen.storyboard;
			sourceTree = "<group>";
		};
/* End PBXVariantGroup section */

/* Begin XCBuildConfiguration section */
		76EF7EE81D2559140087C785 /* Debug */ = {
			isa = XCBuildConfiguration;
			buildSettings = {
				ALWAYS_SEARCH_USER_PATHS = NO;
				CLANG_ANALYZER_NONNULL = YES;
				CLANG_CXX_LANGUAGE_STANDARD = "gnu++0x";
				CLANG_CXX_LIBRARY = "libc++";
				CLANG_ENABLE_MODULES = YES;
				CLANG_ENABLE_OBJC_ARC = YES;
				CLANG_WARN_BOOL_CONVERSION = YES;
				CLANG_WARN_CONSTANT_CONVERSION = YES;
				CLANG_WARN_DIRECT_OBJC_ISA_USAGE = YES_ERROR;
				CLANG_WARN_EMPTY_BODY = YES;
				CLANG_WARN_ENUM_CONVERSION = YES;
				CLANG_WARN_INT_CONVERSION = YES;
				CLANG_WARN_OBJC_ROOT_CLASS = YES_ERROR;
				CLANG_WARN_UNREACHABLE_CODE = YES;
				CLANG_WARN__DUPLICATE_METHOD_MATCH = YES;
				"CODE_SIGN_IDENTITY[sdk=iphoneos*]" = "iPhone Developer";
				COPY_PHASE_STRIP = NO;
				DEBUG_ACTIVITY_MODE = "";
				"DEBUG_ACTIVITY_MODE[sdk=iphonesimulator*]" = disabled;
				DEBUG_INFORMATION_FORMAT = dwarf;
				ENABLE_BITCODE = NO;
				ENABLE_STRICT_OBJC_MSGSEND = YES;
				ENABLE_TESTABILITY = YES;
				GCC_C_LANGUAGE_STANDARD = gnu99;
				GCC_DYNAMIC_NO_PIC = NO;
				GCC_NO_COMMON_BLOCKS = YES;
				GCC_OPTIMIZATION_LEVEL = 0;
				GCC_PREPROCESSOR_DEFINITIONS = (
					"DEBUG=1",
					"$(inherited)",
				);
				GCC_WARN_64_TO_32_BIT_CONVERSION = YES;
				GCC_WARN_ABOUT_RETURN_TYPE = YES_ERROR;
				GCC_WARN_UNDECLARED_SELECTOR = YES;
				GCC_WARN_UNINITIALIZED_AUTOS = YES_AGGRESSIVE;
				GCC_WARN_UNUSED_FUNCTION = YES;
				GCC_WARN_UNUSED_VARIABLE = YES;
				IPHONEOS_DEPLOYMENT_TARGET = 10.3;
				MTL_ENABLE_DEBUG_INFO = YES;
				ONLY_ACTIVE_ARCH = YES;
				SDKROOT = iphoneos;
				TARGETED_DEVICE_FAMILY = "1,2";
			};
			name = Debug;
		};
		76EF7EE91D2559140087C785 /* Release */ = {
			isa = XCBuildConfiguration;
			buildSettings = {
				ALWAYS_SEARCH_USER_PATHS = NO;
				CLANG_ANALYZER_NONNULL = YES;
				CLANG_CXX_LANGUAGE_STANDARD = "gnu++0x";
				CLANG_CXX_LIBRARY = "libc++";
				CLANG_ENABLE_MODULES = YES;
				CLANG_ENABLE_OBJC_ARC = YES;
				CLANG_WARN_BOOL_CONVERSION = YES;
				CLANG_WARN_CONSTANT_CONVERSION = YES;
				CLANG_WARN_DIRECT_OBJC_ISA_USAGE = YES_ERROR;
				CLANG_WARN_EMPTY_BODY = YES;
				CLANG_WARN_ENUM_CONVERSION = YES;
				CLANG_WARN_INT_CONVERSION = YES;
				CLANG_WARN_OBJC_ROOT_CLASS = YES_ERROR;
				CLANG_WARN_UNREACHABLE_CODE = YES;
				CLANG_WARN__DUPLICATE_METHOD_MATCH = YES;
				"CODE_SIGN_IDENTITY[sdk=*]" = "iPhone Developer";
				COPY_PHASE_STRIP = NO;
				DEBUG_ACTIVITY_MODE = "";
				DEBUG_INFORMATION_FORMAT = "dwarf-with-dsym";
				ENABLE_BITCODE = NO;
				ENABLE_NS_ASSERTIONS = NO;
				ENABLE_STRICT_OBJC_MSGSEND = YES;
				GCC_C_LANGUAGE_STANDARD = gnu99;
				GCC_NO_COMMON_BLOCKS = YES;
				GCC_WARN_64_TO_32_BIT_CONVERSION = YES;
				GCC_WARN_ABOUT_RETURN_TYPE = YES_ERROR;
				GCC_WARN_UNDECLARED_SELECTOR = YES;
				GCC_WARN_UNINITIALIZED_AUTOS = YES_AGGRESSIVE;
				GCC_WARN_UNUSED_FUNCTION = YES;
				GCC_WARN_UNUSED_VARIABLE = YES;
				IPHONEOS_DEPLOYMENT_TARGET = 10.3;
				MTL_ENABLE_DEBUG_INFO = NO;
				SDKROOT = iphoneos;
				TARGETED_DEVICE_FAMILY = "1,2";
				VALIDATE_PRODUCT = YES;
			};
			name = Release;
		};
		76EF7EEB1D2559140087C785 /* Debug */ = {
			isa = XCBuildConfiguration;
			buildSettings = {
				ASSETCATALOG_COMPILER_APPICON_NAME = AppIcon;
				CLANG_ENABLE_MODULES = YES;
				DEVELOPMENT_TEAM = FC266WG8NL;
				EMBEDDED_CONTENT_CONTAINS_SWIFT = YES;
				INFOPLIST_FILE = MercadoPagoSDKExamplesObjectiveC/Info.plist;
				IPHONEOS_DEPLOYMENT_TARGET = 10.2;
				LD_RUNPATH_SEARCH_PATHS = "$(inherited) @executable_path/Frameworks";
				PRODUCT_BUNDLE_IDENTIFIER = com.MercadoPagoSDKExamplesObjectiveC;
				PRODUCT_NAME = "$(TARGET_NAME)";
				SWIFT_OBJC_BRIDGING_HEADER = "MercadoPagoSDKExamplesObjectiveC/MercadoPagoSDKExamplesObjectiveC-Bridging-Header.h";
				SWIFT_OPTIMIZATION_LEVEL = "-Onone";
				SWIFT_VERSION = 3.0;
			};
			name = Debug;
		};
		76EF7EEC1D2559140087C785 /* Release */ = {
			isa = XCBuildConfiguration;
			buildSettings = {
				ASSETCATALOG_COMPILER_APPICON_NAME = AppIcon;
				CLANG_ENABLE_MODULES = YES;
				DEVELOPMENT_TEAM = FC266WG8NL;
				EMBEDDED_CONTENT_CONTAINS_SWIFT = YES;
				INFOPLIST_FILE = MercadoPagoSDKExamplesObjectiveC/Info.plist;
				IPHONEOS_DEPLOYMENT_TARGET = 10.2;
				LD_RUNPATH_SEARCH_PATHS = "$(inherited) @executable_path/Frameworks";
				PRODUCT_BUNDLE_IDENTIFIER = com.MercadoPagoSDKExamplesObjectiveC;
				PRODUCT_NAME = "$(TARGET_NAME)";
				SWIFT_OBJC_BRIDGING_HEADER = "MercadoPagoSDKExamplesObjectiveC/MercadoPagoSDKExamplesObjectiveC-Bridging-Header.h";
				SWIFT_VERSION = 3.0;
			};
			name = Release;
		};
		76EF7EEE1D2559140087C785 /* Debug */ = {
			isa = XCBuildConfiguration;
			buildSettings = {
				BUNDLE_LOADER = "$(TEST_HOST)";
				INFOPLIST_FILE = MercadoPagoSDKExamplesObjectiveCTests/Info.plist;
				LD_RUNPATH_SEARCH_PATHS = "$(inherited) @executable_path/Frameworks @loader_path/Frameworks";
				PRODUCT_BUNDLE_IDENTIFIER = com.mercadopago.MercadoPagoSDKExamplesObjectiveCTests;
				PRODUCT_NAME = "$(TARGET_NAME)";
				TEST_HOST = "$(BUILT_PRODUCTS_DIR)/MercadoPagoSDKExamplesObjectiveC.app/MercadoPagoSDKExamplesObjectiveC";
			};
			name = Debug;
		};
		76EF7EEF1D2559140087C785 /* Release */ = {
			isa = XCBuildConfiguration;
			buildSettings = {
				BUNDLE_LOADER = "$(TEST_HOST)";
				INFOPLIST_FILE = MercadoPagoSDKExamplesObjectiveCTests/Info.plist;
				LD_RUNPATH_SEARCH_PATHS = "$(inherited) @executable_path/Frameworks @loader_path/Frameworks";
				PRODUCT_BUNDLE_IDENTIFIER = com.mercadopago.MercadoPagoSDKExamplesObjectiveCTests;
				PRODUCT_NAME = "$(TARGET_NAME)";
				TEST_HOST = "$(BUILT_PRODUCTS_DIR)/MercadoPagoSDKExamplesObjectiveC.app/MercadoPagoSDKExamplesObjectiveC";
			};
			name = Release;
		};
/* End XCBuildConfiguration section */

/* Begin XCConfigurationList section */
		76EF7EB81D2559140087C785 /* Build configuration list for PBXProject "MercadoPagoSDKExamplesObjectiveC" */ = {
			isa = XCConfigurationList;
			buildConfigurations = (
				76EF7EE81D2559140087C785 /* Debug */,
				76EF7EE91D2559140087C785 /* Release */,
			);
			defaultConfigurationIsVisible = 0;
			defaultConfigurationName = Release;
		};
		76EF7EEA1D2559140087C785 /* Build configuration list for PBXNativeTarget "MercadoPagoSDKExamplesObjectiveC" */ = {
			isa = XCConfigurationList;
			buildConfigurations = (
				76EF7EEB1D2559140087C785 /* Debug */,
				76EF7EEC1D2559140087C785 /* Release */,
			);
			defaultConfigurationIsVisible = 0;
			defaultConfigurationName = Release;
		};
		76EF7EED1D2559140087C785 /* Build configuration list for PBXNativeTarget "MercadoPagoSDKExamplesObjectiveCTests" */ = {
			isa = XCConfigurationList;
			buildConfigurations = (
				76EF7EEE1D2559140087C785 /* Debug */,
				76EF7EEF1D2559140087C785 /* Release */,
			);
			defaultConfigurationIsVisible = 0;
			defaultConfigurationName = Release;
		};
/* End XCConfigurationList section */
	};
	rootObject = 76EF7EB51D2559140087C785 /* Project object */;
}
