// !$*UTF8*$!
{
	archiveVersion = 1;
	classes = {
	};
	objectVersion = 46;
	objects = {

/* Begin PBXBuildFile section */
		4D1BA2FFECDADE21693F8479 /* Pods_PodTesterUITests.framework in Frameworks */ = {isa = PBXBuildFile; fileRef = CCA4C6DA5720ADA0D959E10D /* Pods_PodTesterUITests.framework */; };
		7977B3C2CC366377F1711AB8 /* Pods_PodTester.framework in Frameworks */ = {isa = PBXBuildFile; fileRef = 92F6C388D4809CF09D1B5C5F /* Pods_PodTester.framework */; };
		96268BFEE693DF0EC8A35C50 /* Pods_PodTesterTests.framework in Frameworks */ = {isa = PBXBuildFile; fileRef = D902B45F8C5F45AB09E44105 /* Pods_PodTesterTests.framework */; };
		FC333DD71EA67982009C746A /* SettingsViewController.swift in Sources */ = {isa = PBXBuildFile; fileRef = FC333DD61EA67982009C746A /* SettingsViewController.swift */; };
		FC333DD81EA67982009C746A /* SettingsViewController.swift in Sources */ = {isa = PBXBuildFile; fileRef = FC333DD61EA67982009C746A /* SettingsViewController.swift */; };
		FC333DDA1EA693A1009C746A /* SettingsViewModel.swift in Sources */ = {isa = PBXBuildFile; fileRef = FC333DD91EA693A1009C746A /* SettingsViewModel.swift */; };
		FC333DDB1EA693A1009C746A /* SettingsViewModel.swift in Sources */ = {isa = PBXBuildFile; fileRef = FC333DD91EA693A1009C746A /* SettingsViewModel.swift */; };
		FC333DDD1EA6A4A6009C746A /* EnvironmentSettings.plist in Resources */ = {isa = PBXBuildFile; fileRef = FC333DDC1EA6A4A6009C746A /* EnvironmentSettings.plist */; };
		FC333DDE1EA6A4A6009C746A /* EnvironmentSettings.plist in Resources */ = {isa = PBXBuildFile; fileRef = FC333DDC1EA6A4A6009C746A /* EnvironmentSettings.plist */; };
		FC579C301E0C047900F32F7B /* MainTableViewController.swift in Sources */ = {isa = PBXBuildFile; fileRef = FC579C2F1E0C047900F32F7B /* MainTableViewController.swift */; };
		FCCDCC1F1E0B2265005E7095 /* AppDelegate.swift in Sources */ = {isa = PBXBuildFile; fileRef = FCCDCC1E1E0B2265005E7095 /* AppDelegate.swift */; };
		FCCDCC241E0B2265005E7095 /* Main.storyboard in Resources */ = {isa = PBXBuildFile; fileRef = FCCDCC221E0B2265005E7095 /* Main.storyboard */; };
		FCCDCC261E0B2265005E7095 /* Assets.xcassets in Resources */ = {isa = PBXBuildFile; fileRef = FCCDCC251E0B2265005E7095 /* Assets.xcassets */; };
		FCCDCC291E0B2265005E7095 /* LaunchScreen.storyboard in Resources */ = {isa = PBXBuildFile; fileRef = FCCDCC271E0B2265005E7095 /* LaunchScreen.storyboard */; };
		FCCDCC341E0B2265005E7095 /* PodTesterTests.swift in Sources */ = {isa = PBXBuildFile; fileRef = FCCDCC331E0B2265005E7095 /* PodTesterTests.swift */; };
		FCCDCC3F1E0B2265005E7095 /* PodTesterUITests.swift in Sources */ = {isa = PBXBuildFile; fileRef = FCCDCC3E1E0B2265005E7095 /* PodTesterUITests.swift */; };
		FCF85BA31EAE402E00D45589 /* Site.swift in Sources */ = {isa = PBXBuildFile; fileRef = FCF85BA21EAE402E00D45589 /* Site.swift */; };
/* End PBXBuildFile section */

/* Begin PBXContainerItemProxy section */
		FCCDCC301E0B2265005E7095 /* PBXContainerItemProxy */ = {
			isa = PBXContainerItemProxy;
			containerPortal = FCCDCC131E0B2265005E7095 /* Project object */;
			proxyType = 1;
			remoteGlobalIDString = FCCDCC1A1E0B2265005E7095;
			remoteInfo = PodTester;
		};
		FCCDCC3B1E0B2265005E7095 /* PBXContainerItemProxy */ = {
			isa = PBXContainerItemProxy;
			containerPortal = FCCDCC131E0B2265005E7095 /* Project object */;
			proxyType = 1;
			remoteGlobalIDString = FCCDCC1A1E0B2265005E7095;
			remoteInfo = PodTester;
		};
/* End PBXContainerItemProxy section */

/* Begin PBXFileReference section */
		788E4776CD9FAE0AEE06C75D /* Pods-PodTester.debug.xcconfig */ = {isa = PBXFileReference; includeInIndex = 1; lastKnownFileType = text.xcconfig; name = "Pods-PodTester.debug.xcconfig"; path = "Pods/Target Support Files/Pods-PodTester/Pods-PodTester.debug.xcconfig"; sourceTree = "<group>"; };
		92F6C388D4809CF09D1B5C5F /* Pods_PodTester.framework */ = {isa = PBXFileReference; explicitFileType = wrapper.framework; includeInIndex = 0; path = Pods_PodTester.framework; sourceTree = BUILT_PRODUCTS_DIR; };
		9754B13CFE395067E14B75EA /* Pods-PodTester.release.xcconfig */ = {isa = PBXFileReference; includeInIndex = 1; lastKnownFileType = text.xcconfig; name = "Pods-PodTester.release.xcconfig"; path = "Pods/Target Support Files/Pods-PodTester/Pods-PodTester.release.xcconfig"; sourceTree = "<group>"; };
		B2A468867CC7B847AA0CD9F3 /* Pods-PodTesterUITests.debug.xcconfig */ = {isa = PBXFileReference; includeInIndex = 1; lastKnownFileType = text.xcconfig; name = "Pods-PodTesterUITests.debug.xcconfig"; path = "Pods/Target Support Files/Pods-PodTesterUITests/Pods-PodTesterUITests.debug.xcconfig"; sourceTree = "<group>"; };
		CCA4C6DA5720ADA0D959E10D /* Pods_PodTesterUITests.framework */ = {isa = PBXFileReference; explicitFileType = wrapper.framework; includeInIndex = 0; path = Pods_PodTesterUITests.framework; sourceTree = BUILT_PRODUCTS_DIR; };
		D3244482EDF45E3A8BCEF3A4 /* Pods-PodTesterTests.debug.xcconfig */ = {isa = PBXFileReference; includeInIndex = 1; lastKnownFileType = text.xcconfig; name = "Pods-PodTesterTests.debug.xcconfig"; path = "Pods/Target Support Files/Pods-PodTesterTests/Pods-PodTesterTests.debug.xcconfig"; sourceTree = "<group>"; };
		D902B45F8C5F45AB09E44105 /* Pods_PodTesterTests.framework */ = {isa = PBXFileReference; explicitFileType = wrapper.framework; includeInIndex = 0; path = Pods_PodTesterTests.framework; sourceTree = BUILT_PRODUCTS_DIR; };
		EEEA8E2EECAA9A8B0A1F4CA7 /* Pods-PodTesterTests.release.xcconfig */ = {isa = PBXFileReference; includeInIndex = 1; lastKnownFileType = text.xcconfig; name = "Pods-PodTesterTests.release.xcconfig"; path = "Pods/Target Support Files/Pods-PodTesterTests/Pods-PodTesterTests.release.xcconfig"; sourceTree = "<group>"; };
		F6C53D7369B63FDD5568DA23 /* Pods-PodTesterUITests.release.xcconfig */ = {isa = PBXFileReference; includeInIndex = 1; lastKnownFileType = text.xcconfig; name = "Pods-PodTesterUITests.release.xcconfig"; path = "Pods/Target Support Files/Pods-PodTesterUITests/Pods-PodTesterUITests.release.xcconfig"; sourceTree = "<group>"; };
		FC333DD61EA67982009C746A /* SettingsViewController.swift */ = {isa = PBXFileReference; fileEncoding = 4; lastKnownFileType = sourcecode.swift; path = SettingsViewController.swift; sourceTree = "<group>"; };
		FC333DD91EA693A1009C746A /* SettingsViewModel.swift */ = {isa = PBXFileReference; fileEncoding = 4; lastKnownFileType = sourcecode.swift; path = SettingsViewModel.swift; sourceTree = "<group>"; };
		FC333DDC1EA6A4A6009C746A /* EnvironmentSettings.plist */ = {isa = PBXFileReference; fileEncoding = 4; lastKnownFileType = text.plist.xml; path = EnvironmentSettings.plist; sourceTree = "<group>"; };
		FC579C2F1E0C047900F32F7B /* MainTableViewController.swift */ = {isa = PBXFileReference; fileEncoding = 4; lastKnownFileType = sourcecode.swift; path = MainTableViewController.swift; sourceTree = "<group>"; };
		FCCDCC1B1E0B2265005E7095 /* PodTester.app */ = {isa = PBXFileReference; explicitFileType = wrapper.application; includeInIndex = 0; path = PodTester.app; sourceTree = BUILT_PRODUCTS_DIR; };
		FCCDCC1E1E0B2265005E7095 /* AppDelegate.swift */ = {isa = PBXFileReference; lastKnownFileType = sourcecode.swift; path = AppDelegate.swift; sourceTree = "<group>"; };
		FCCDCC231E0B2265005E7095 /* Base */ = {isa = PBXFileReference; lastKnownFileType = file.storyboard; name = Base; path = Base.lproj/Main.storyboard; sourceTree = "<group>"; };
		FCCDCC251E0B2265005E7095 /* Assets.xcassets */ = {isa = PBXFileReference; lastKnownFileType = folder.assetcatalog; path = Assets.xcassets; sourceTree = "<group>"; };
		FCCDCC281E0B2265005E7095 /* Base */ = {isa = PBXFileReference; lastKnownFileType = file.storyboard; name = Base; path = Base.lproj/LaunchScreen.storyboard; sourceTree = "<group>"; };
		FCCDCC2A1E0B2265005E7095 /* Info.plist */ = {isa = PBXFileReference; lastKnownFileType = text.plist.xml; path = Info.plist; sourceTree = "<group>"; };
		FCCDCC2F1E0B2265005E7095 /* PodTesterTests.xctest */ = {isa = PBXFileReference; explicitFileType = wrapper.cfbundle; includeInIndex = 0; path = PodTesterTests.xctest; sourceTree = BUILT_PRODUCTS_DIR; };
		FCCDCC331E0B2265005E7095 /* PodTesterTests.swift */ = {isa = PBXFileReference; lastKnownFileType = sourcecode.swift; path = PodTesterTests.swift; sourceTree = "<group>"; };
		FCCDCC351E0B2265005E7095 /* Info.plist */ = {isa = PBXFileReference; lastKnownFileType = text.plist.xml; path = Info.plist; sourceTree = "<group>"; };
		FCCDCC3A1E0B2265005E7095 /* PodTesterUITests.xctest */ = {isa = PBXFileReference; explicitFileType = wrapper.cfbundle; includeInIndex = 0; path = PodTesterUITests.xctest; sourceTree = BUILT_PRODUCTS_DIR; };
		FCCDCC3E1E0B2265005E7095 /* PodTesterUITests.swift */ = {isa = PBXFileReference; lastKnownFileType = sourcecode.swift; path = PodTesterUITests.swift; sourceTree = "<group>"; };
		FCCDCC401E0B2265005E7095 /* Info.plist */ = {isa = PBXFileReference; lastKnownFileType = text.plist.xml; path = Info.plist; sourceTree = "<group>"; };
		FCF85BA21EAE402E00D45589 /* Site.swift */ = {isa = PBXFileReference; fileEncoding = 4; lastKnownFileType = sourcecode.swift; path = Site.swift; sourceTree = "<group>"; };
/* End PBXFileReference section */

/* Begin PBXFrameworksBuildPhase section */
		FCCDCC181E0B2265005E7095 /* Frameworks */ = {
			isa = PBXFrameworksBuildPhase;
			buildActionMask = 2147483647;
			files = (
				7977B3C2CC366377F1711AB8 /* Pods_PodTester.framework in Frameworks */,
			);
			runOnlyForDeploymentPostprocessing = 0;
		};
		FCCDCC2C1E0B2265005E7095 /* Frameworks */ = {
			isa = PBXFrameworksBuildPhase;
			buildActionMask = 2147483647;
			files = (
				96268BFEE693DF0EC8A35C50 /* Pods_PodTesterTests.framework in Frameworks */,
			);
			runOnlyForDeploymentPostprocessing = 0;
		};
		FCCDCC371E0B2265005E7095 /* Frameworks */ = {
			isa = PBXFrameworksBuildPhase;
			buildActionMask = 2147483647;
			files = (
				4D1BA2FFECDADE21693F8479 /* Pods_PodTesterUITests.framework in Frameworks */,
			);
			runOnlyForDeploymentPostprocessing = 0;
		};
/* End PBXFrameworksBuildPhase section */

/* Begin PBXGroup section */
		6755D3BF18B7247BC009309C /* Pods */ = {
			isa = PBXGroup;
			children = (
				788E4776CD9FAE0AEE06C75D /* Pods-PodTester.debug.xcconfig */,
				9754B13CFE395067E14B75EA /* Pods-PodTester.release.xcconfig */,
				D3244482EDF45E3A8BCEF3A4 /* Pods-PodTesterTests.debug.xcconfig */,
				EEEA8E2EECAA9A8B0A1F4CA7 /* Pods-PodTesterTests.release.xcconfig */,
				B2A468867CC7B847AA0CD9F3 /* Pods-PodTesterUITests.debug.xcconfig */,
				F6C53D7369B63FDD5568DA23 /* Pods-PodTesterUITests.release.xcconfig */,
			);
			name = Pods;
			sourceTree = "<group>";
		};
		D3DAF5FE6319A4DB18120393 /* Frameworks */ = {
			isa = PBXGroup;
			children = (
				92F6C388D4809CF09D1B5C5F /* Pods_PodTester.framework */,
				D902B45F8C5F45AB09E44105 /* Pods_PodTesterTests.framework */,
				CCA4C6DA5720ADA0D959E10D /* Pods_PodTesterUITests.framework */,
			);
			name = Frameworks;
			sourceTree = "<group>";
		};
		FCCDCC121E0B2265005E7095 = {
			isa = PBXGroup;
			children = (
				FCCDCC1D1E0B2265005E7095 /* PodTester */,
				FCCDCC321E0B2265005E7095 /* PodTesterTests */,
				FCCDCC3D1E0B2265005E7095 /* PodTesterUITests */,
				FCCDCC1C1E0B2265005E7095 /* Products */,
				6755D3BF18B7247BC009309C /* Pods */,
				D3DAF5FE6319A4DB18120393 /* Frameworks */,
			);
			sourceTree = "<group>";
		};
		FCCDCC1C1E0B2265005E7095 /* Products */ = {
			isa = PBXGroup;
			children = (
				FCCDCC1B1E0B2265005E7095 /* PodTester.app */,
				FCCDCC2F1E0B2265005E7095 /* PodTesterTests.xctest */,
				FCCDCC3A1E0B2265005E7095 /* PodTesterUITests.xctest */,
			);
			name = Products;
			sourceTree = "<group>";
		};
		FCCDCC1D1E0B2265005E7095 /* PodTester */ = {
			isa = PBXGroup;
			children = (
				FCCDCC1E1E0B2265005E7095 /* AppDelegate.swift */,
				FC579C2F1E0C047900F32F7B /* MainTableViewController.swift */,
				FC333DD61EA67982009C746A /* SettingsViewController.swift */,
				FC333DD91EA693A1009C746A /* SettingsViewModel.swift */,
				FCF85BA21EAE402E00D45589 /* Site.swift */,
				FC333DDC1EA6A4A6009C746A /* EnvironmentSettings.plist */,
				FCCDCC221E0B2265005E7095 /* Main.storyboard */,
				FCCDCC251E0B2265005E7095 /* Assets.xcassets */,
				FCCDCC271E0B2265005E7095 /* LaunchScreen.storyboard */,
				FCCDCC2A1E0B2265005E7095 /* Info.plist */,
			);
			path = PodTester;
			sourceTree = "<group>";
		};
		FCCDCC321E0B2265005E7095 /* PodTesterTests */ = {
			isa = PBXGroup;
			children = (
				FCCDCC331E0B2265005E7095 /* PodTesterTests.swift */,
				FCCDCC351E0B2265005E7095 /* Info.plist */,
			);
			path = PodTesterTests;
			sourceTree = "<group>";
		};
		FCCDCC3D1E0B2265005E7095 /* PodTesterUITests */ = {
			isa = PBXGroup;
			children = (
				FCCDCC3E1E0B2265005E7095 /* PodTesterUITests.swift */,
				FCCDCC401E0B2265005E7095 /* Info.plist */,
			);
			path = PodTesterUITests;
			sourceTree = "<group>";
		};
/* End PBXGroup section */

/* Begin PBXNativeTarget section */
		FCCDCC1A1E0B2265005E7095 /* PodTester */ = {
			isa = PBXNativeTarget;
			buildConfigurationList = FCCDCC431E0B2265005E7095 /* Build configuration list for PBXNativeTarget "PodTester" */;
			buildPhases = (
				29F7A2DB6A5FA06E17D68FEE /* [CP] Check Pods Manifest.lock */,
				FCCDCC171E0B2265005E7095 /* Sources */,
				FCCDCC181E0B2265005E7095 /* Frameworks */,
				FCCDCC191E0B2265005E7095 /* Resources */,
				F5418390D4C88058BBC7836C /* [CP] Embed Pods Frameworks */,
				EE98180D558C0869EEDAEB6C /* [CP] Copy Pods Resources */,
			);
			buildRules = (
			);
			dependencies = (
			);
			name = PodTester;
			productName = PodTester;
			productReference = FCCDCC1B1E0B2265005E7095 /* PodTester.app */;
			productType = "com.apple.product-type.application";
		};
		FCCDCC2E1E0B2265005E7095 /* PodTesterTests */ = {
			isa = PBXNativeTarget;
			buildConfigurationList = FCCDCC461E0B2265005E7095 /* Build configuration list for PBXNativeTarget "PodTesterTests" */;
			buildPhases = (
				5B9C70AD1D81BA33F4615D68 /* [CP] Check Pods Manifest.lock */,
				FCCDCC2B1E0B2265005E7095 /* Sources */,
				FCCDCC2C1E0B2265005E7095 /* Frameworks */,
				FCCDCC2D1E0B2265005E7095 /* Resources */,
				5C4C5B1F8F8D52A7E03B1876 /* [CP] Embed Pods Frameworks */,
				96DCA4CDD9E8E0729E40EB92 /* [CP] Copy Pods Resources */,
			);
			buildRules = (
			);
			dependencies = (
				FCCDCC311E0B2265005E7095 /* PBXTargetDependency */,
			);
			name = PodTesterTests;
			productName = PodTesterTests;
			productReference = FCCDCC2F1E0B2265005E7095 /* PodTesterTests.xctest */;
			productType = "com.apple.product-type.bundle.unit-test";
		};
		FCCDCC391E0B2265005E7095 /* PodTesterUITests */ = {
			isa = PBXNativeTarget;
			buildConfigurationList = FCCDCC491E0B2265005E7095 /* Build configuration list for PBXNativeTarget "PodTesterUITests" */;
			buildPhases = (
				7EA18D3D73E331E21C0BF75C /* [CP] Check Pods Manifest.lock */,
				FCCDCC361E0B2265005E7095 /* Sources */,
				FCCDCC371E0B2265005E7095 /* Frameworks */,
				FCCDCC381E0B2265005E7095 /* Resources */,
				1EABB2C53B02F3A8A7CD2001 /* [CP] Embed Pods Frameworks */,
				3A79F26B6E57D1863290B0C5 /* [CP] Copy Pods Resources */,
			);
			buildRules = (
			);
			dependencies = (
				FCCDCC3C1E0B2265005E7095 /* PBXTargetDependency */,
			);
			name = PodTesterUITests;
			productName = PodTesterUITests;
			productReference = FCCDCC3A1E0B2265005E7095 /* PodTesterUITests.xctest */;
			productType = "com.apple.product-type.bundle.ui-testing";
		};
/* End PBXNativeTarget section */

/* Begin PBXProject section */
		FCCDCC131E0B2265005E7095 /* Project object */ = {
			isa = PBXProject;
			attributes = {
				LastSwiftUpdateCheck = 0820;
				LastUpgradeCheck = 0820;
				ORGANIZATIONNAME = "AUGUSTO COLLERONE ALFONSO";
				TargetAttributes = {
					FCCDCC1A1E0B2265005E7095 = {
						CreatedOnToolsVersion = 8.2.1;
						DevelopmentTeam = FC266WG8NL;
						ProvisioningStyle = Automatic;
					};
					FCCDCC2E1E0B2265005E7095 = {
						CreatedOnToolsVersion = 8.2.1;
						ProvisioningStyle = Automatic;
						TestTargetID = FCCDCC1A1E0B2265005E7095;
					};
					FCCDCC391E0B2265005E7095 = {
						CreatedOnToolsVersion = 8.2.1;
						ProvisioningStyle = Automatic;
						TestTargetID = FCCDCC1A1E0B2265005E7095;
					};
				};
			};
			buildConfigurationList = FCCDCC161E0B2265005E7095 /* Build configuration list for PBXProject "PodTester" */;
			compatibilityVersion = "Xcode 3.2";
			developmentRegion = English;
			hasScannedForEncodings = 0;
			knownRegions = (
				en,
				Base,
			);
			mainGroup = FCCDCC121E0B2265005E7095;
			productRefGroup = FCCDCC1C1E0B2265005E7095 /* Products */;
			projectDirPath = "";
			projectRoot = "";
			targets = (
				FCCDCC1A1E0B2265005E7095 /* PodTester */,
				FCCDCC2E1E0B2265005E7095 /* PodTesterTests */,
				FCCDCC391E0B2265005E7095 /* PodTesterUITests */,
			);
		};
/* End PBXProject section */

/* Begin PBXResourcesBuildPhase section */
		FCCDCC191E0B2265005E7095 /* Resources */ = {
			isa = PBXResourcesBuildPhase;
			buildActionMask = 2147483647;
			files = (
				FCCDCC291E0B2265005E7095 /* LaunchScreen.storyboard in Resources */,
				FCCDCC261E0B2265005E7095 /* Assets.xcassets in Resources */,
				FC333DDD1EA6A4A6009C746A /* EnvironmentSettings.plist in Resources */,
				FCCDCC241E0B2265005E7095 /* Main.storyboard in Resources */,
			);
			runOnlyForDeploymentPostprocessing = 0;
		};
		FCCDCC2D1E0B2265005E7095 /* Resources */ = {
			isa = PBXResourcesBuildPhase;
			buildActionMask = 2147483647;
			files = (
				FC333DDE1EA6A4A6009C746A /* EnvironmentSettings.plist in Resources */,
			);
			runOnlyForDeploymentPostprocessing = 0;
		};
		FCCDCC381E0B2265005E7095 /* Resources */ = {
			isa = PBXResourcesBuildPhase;
			buildActionMask = 2147483647;
			files = (
			);
			runOnlyForDeploymentPostprocessing = 0;
		};
/* End PBXResourcesBuildPhase section */

/* Begin PBXShellScriptBuildPhase section */
		1EABB2C53B02F3A8A7CD2001 /* [CP] Embed Pods Frameworks */ = {
			isa = PBXShellScriptBuildPhase;
			buildActionMask = 2147483647;
			files = (
			);
			inputPaths = (
			);
			name = "[CP] Embed Pods Frameworks";
			outputPaths = (
			);
			runOnlyForDeploymentPostprocessing = 0;
			shellPath = /bin/sh;
			shellScript = "\"${SRCROOT}/Pods/Target Support Files/Pods-PodTesterUITests/Pods-PodTesterUITests-frameworks.sh\"\n";
			showEnvVarsInLog = 0;
		};
		29F7A2DB6A5FA06E17D68FEE /* [CP] Check Pods Manifest.lock */ = {
			isa = PBXShellScriptBuildPhase;
			buildActionMask = 2147483647;
			files = (
			);
			inputPaths = (
				"${PODS_PODFILE_DIR_PATH}/Podfile.lock",
				"${PODS_ROOT}/Manifest.lock",
			);
			name = "[CP] Check Pods Manifest.lock";
			outputPaths = (
				"$(DERIVED_FILE_DIR)/Pods-PodTester-checkManifestLockResult.txt",
			);
			runOnlyForDeploymentPostprocessing = 0;
			shellPath = /bin/sh;
			shellScript = "diff \"${PODS_PODFILE_DIR_PATH}/Podfile.lock\" \"${PODS_ROOT}/Manifest.lock\" > /dev/null\nif [ $? != 0 ] ; then\n    # print error to STDERR\n    echo \"error: The sandbox is not in sync with the Podfile.lock. Run 'pod install' or update your CocoaPods installation.\" >&2\n    exit 1\nfi\n# This output is used by Xcode 'outputs' to avoid re-running this script phase.\necho \"SUCCESS\" > \"${SCRIPT_OUTPUT_FILE_0}\"\n";
			showEnvVarsInLog = 0;
		};
		3A79F26B6E57D1863290B0C5 /* [CP] Copy Pods Resources */ = {
			isa = PBXShellScriptBuildPhase;
			buildActionMask = 2147483647;
			files = (
			);
			inputPaths = (
			);
			name = "[CP] Copy Pods Resources";
			outputPaths = (
			);
			runOnlyForDeploymentPostprocessing = 0;
			shellPath = /bin/sh;
			shellScript = "\"${SRCROOT}/Pods/Target Support Files/Pods-PodTesterUITests/Pods-PodTesterUITests-resources.sh\"\n";
			showEnvVarsInLog = 0;
		};
		5B9C70AD1D81BA33F4615D68 /* [CP] Check Pods Manifest.lock */ = {
			isa = PBXShellScriptBuildPhase;
			buildActionMask = 2147483647;
			files = (
			);
			inputPaths = (
				"${PODS_PODFILE_DIR_PATH}/Podfile.lock",
				"${PODS_ROOT}/Manifest.lock",
			);
			name = "[CP] Check Pods Manifest.lock";
			outputPaths = (
				"$(DERIVED_FILE_DIR)/Pods-PodTesterTests-checkManifestLockResult.txt",
			);
			runOnlyForDeploymentPostprocessing = 0;
			shellPath = /bin/sh;
			shellScript = "diff \"${PODS_PODFILE_DIR_PATH}/Podfile.lock\" \"${PODS_ROOT}/Manifest.lock\" > /dev/null\nif [ $? != 0 ] ; then\n    # print error to STDERR\n    echo \"error: The sandbox is not in sync with the Podfile.lock. Run 'pod install' or update your CocoaPods installation.\" >&2\n    exit 1\nfi\n# This output is used by Xcode 'outputs' to avoid re-running this script phase.\necho \"SUCCESS\" > \"${SCRIPT_OUTPUT_FILE_0}\"\n";
			showEnvVarsInLog = 0;
		};
		5C4C5B1F8F8D52A7E03B1876 /* [CP] Embed Pods Frameworks */ = {
			isa = PBXShellScriptBuildPhase;
			buildActionMask = 2147483647;
			files = (
			);
			inputPaths = (
			);
			name = "[CP] Embed Pods Frameworks";
			outputPaths = (
			);
			runOnlyForDeploymentPostprocessing = 0;
			shellPath = /bin/sh;
			shellScript = "\"${SRCROOT}/Pods/Target Support Files/Pods-PodTesterTests/Pods-PodTesterTests-frameworks.sh\"\n";
			showEnvVarsInLog = 0;
		};
		7EA18D3D73E331E21C0BF75C /* [CP] Check Pods Manifest.lock */ = {
			isa = PBXShellScriptBuildPhase;
			buildActionMask = 2147483647;
			files = (
			);
			inputPaths = (
				"${PODS_PODFILE_DIR_PATH}/Podfile.lock",
				"${PODS_ROOT}/Manifest.lock",
			);
			name = "[CP] Check Pods Manifest.lock";
			outputPaths = (
				"$(DERIVED_FILE_DIR)/Pods-PodTesterUITests-checkManifestLockResult.txt",
			);
			runOnlyForDeploymentPostprocessing = 0;
			shellPath = /bin/sh;
			shellScript = "diff \"${PODS_PODFILE_DIR_PATH}/Podfile.lock\" \"${PODS_ROOT}/Manifest.lock\" > /dev/null\nif [ $? != 0 ] ; then\n    # print error to STDERR\n    echo \"error: The sandbox is not in sync with the Podfile.lock. Run 'pod install' or update your CocoaPods installation.\" >&2\n    exit 1\nfi\n# This output is used by Xcode 'outputs' to avoid re-running this script phase.\necho \"SUCCESS\" > \"${SCRIPT_OUTPUT_FILE_0}\"\n";
			showEnvVarsInLog = 0;
		};
		96DCA4CDD9E8E0729E40EB92 /* [CP] Copy Pods Resources */ = {
			isa = PBXShellScriptBuildPhase;
			buildActionMask = 2147483647;
			files = (
			);
			inputPaths = (
			);
			name = "[CP] Copy Pods Resources";
			outputPaths = (
			);
			runOnlyForDeploymentPostprocessing = 0;
			shellPath = /bin/sh;
			shellScript = "\"${SRCROOT}/Pods/Target Support Files/Pods-PodTesterTests/Pods-PodTesterTests-resources.sh\"\n";
			showEnvVarsInLog = 0;
		};
		EE98180D558C0869EEDAEB6C /* [CP] Copy Pods Resources */ = {
			isa = PBXShellScriptBuildPhase;
			buildActionMask = 2147483647;
			files = (
			);
			inputPaths = (
			);
			name = "[CP] Copy Pods Resources";
			outputPaths = (
			);
			runOnlyForDeploymentPostprocessing = 0;
			shellPath = /bin/sh;
			shellScript = "\"${SRCROOT}/Pods/Target Support Files/Pods-PodTester/Pods-PodTester-resources.sh\"\n";
			showEnvVarsInLog = 0;
		};
		F5418390D4C88058BBC7836C /* [CP] Embed Pods Frameworks */ = {
			isa = PBXShellScriptBuildPhase;
			buildActionMask = 2147483647;
			files = (
			);
			inputPaths = (
				"${SRCROOT}/Pods/Target Support Files/Pods-PodTester/Pods-PodTester-frameworks.sh",
				"${BUILT_PRODUCTS_DIR}/MercadoPagoSDK/MercadoPagoSDK.framework",
			);
			name = "[CP] Embed Pods Frameworks";
			outputPaths = (
				"${TARGET_BUILD_DIR}/${FRAMEWORKS_FOLDER_PATH}/MercadoPagoSDK.framework",
			);
			runOnlyForDeploymentPostprocessing = 0;
			shellPath = /bin/sh;
			shellScript = "\"${SRCROOT}/Pods/Target Support Files/Pods-PodTester/Pods-PodTester-frameworks.sh\"\n";
			showEnvVarsInLog = 0;
		};
/* End PBXShellScriptBuildPhase section */

/* Begin PBXSourcesBuildPhase section */
		FCCDCC171E0B2265005E7095 /* Sources */ = {
			isa = PBXSourcesBuildPhase;
			buildActionMask = 2147483647;
			files = (
				FCCDCC1F1E0B2265005E7095 /* AppDelegate.swift in Sources */,
				FCF85BA31EAE402E00D45589 /* Site.swift in Sources */,
				FC579C301E0C047900F32F7B /* MainTableViewController.swift in Sources */,
				FC333DD71EA67982009C746A /* SettingsViewController.swift in Sources */,
				FC333DDA1EA693A1009C746A /* SettingsViewModel.swift in Sources */,
			);
			runOnlyForDeploymentPostprocessing = 0;
		};
		FCCDCC2B1E0B2265005E7095 /* Sources */ = {
			isa = PBXSourcesBuildPhase;
			buildActionMask = 2147483647;
			files = (
				FCCDCC341E0B2265005E7095 /* PodTesterTests.swift in Sources */,
				FC333DD81EA67982009C746A /* SettingsViewController.swift in Sources */,
				FC333DDB1EA693A1009C746A /* SettingsViewModel.swift in Sources */,
			);
			runOnlyForDeploymentPostprocessing = 0;
		};
		FCCDCC361E0B2265005E7095 /* Sources */ = {
			isa = PBXSourcesBuildPhase;
			buildActionMask = 2147483647;
			files = (
				FCCDCC3F1E0B2265005E7095 /* PodTesterUITests.swift in Sources */,
			);
			runOnlyForDeploymentPostprocessing = 0;
		};
/* End PBXSourcesBuildPhase section */

/* Begin PBXTargetDependency section */
		FCCDCC311E0B2265005E7095 /* PBXTargetDependency */ = {
			isa = PBXTargetDependency;
			target = FCCDCC1A1E0B2265005E7095 /* PodTester */;
			targetProxy = FCCDCC301E0B2265005E7095 /* PBXContainerItemProxy */;
		};
		FCCDCC3C1E0B2265005E7095 /* PBXTargetDependency */ = {
			isa = PBXTargetDependency;
			target = FCCDCC1A1E0B2265005E7095 /* PodTester */;
			targetProxy = FCCDCC3B1E0B2265005E7095 /* PBXContainerItemProxy */;
		};
/* End PBXTargetDependency section */

/* Begin PBXVariantGroup section */
		FCCDCC221E0B2265005E7095 /* Main.storyboard */ = {
			isa = PBXVariantGroup;
			children = (
				FCCDCC231E0B2265005E7095 /* Base */,
			);
			name = Main.storyboard;
			sourceTree = "<group>";
		};
		FCCDCC271E0B2265005E7095 /* LaunchScreen.storyboard */ = {
			isa = PBXVariantGroup;
			children = (
				FCCDCC281E0B2265005E7095 /* Base */,
			);
			name = LaunchScreen.storyboard;
			sourceTree = "<group>";
		};
/* End PBXVariantGroup section */

/* Begin XCBuildConfiguration section */
		FCCDCC411E0B2265005E7095 /* Debug */ = {
			isa = XCBuildConfiguration;
			buildSettings = {
				ALWAYS_SEARCH_USER_PATHS = NO;
				CLANG_ANALYZER_NONNULL = YES;
				CLANG_CXX_LANGUAGE_STANDARD = "gnu++0x";
				CLANG_CXX_LIBRARY = "libc++";
				CLANG_ENABLE_MODULES = YES;
				CLANG_ENABLE_OBJC_ARC = YES;
				CLANG_WARN_BOOL_CONVERSION = YES;
				CLANG_WARN_CONSTANT_CONVERSION = YES;
				CLANG_WARN_DIRECT_OBJC_ISA_USAGE = YES_ERROR;
				CLANG_WARN_DOCUMENTATION_COMMENTS = YES;
				CLANG_WARN_EMPTY_BODY = YES;
				CLANG_WARN_ENUM_CONVERSION = YES;
				CLANG_WARN_INFINITE_RECURSION = YES;
				CLANG_WARN_INT_CONVERSION = YES;
				CLANG_WARN_OBJC_ROOT_CLASS = YES_ERROR;
				CLANG_WARN_SUSPICIOUS_MOVE = YES;
				CLANG_WARN_UNREACHABLE_CODE = YES;
				CLANG_WARN__DUPLICATE_METHOD_MATCH = YES;
				"CODE_SIGN_IDENTITY[sdk=iphoneos*]" = "iPhone Developer";
				COPY_PHASE_STRIP = NO;
				DEBUG_INFORMATION_FORMAT = dwarf;
				ENABLE_STRICT_OBJC_MSGSEND = YES;
				ENABLE_TESTABILITY = YES;
				GCC_C_LANGUAGE_STANDARD = gnu99;
				GCC_DYNAMIC_NO_PIC = NO;
				GCC_NO_COMMON_BLOCKS = YES;
				GCC_OPTIMIZATION_LEVEL = 0;
				GCC_PREPROCESSOR_DEFINITIONS = (
					"DEBUG=1",
					"$(inherited)",
				);
				GCC_WARN_64_TO_32_BIT_CONVERSION = YES;
				GCC_WARN_ABOUT_RETURN_TYPE = YES_ERROR;
				GCC_WARN_UNDECLARED_SELECTOR = YES;
				GCC_WARN_UNINITIALIZED_AUTOS = YES_AGGRESSIVE;
				GCC_WARN_UNUSED_FUNCTION = YES;
				GCC_WARN_UNUSED_VARIABLE = YES;
				IPHONEOS_DEPLOYMENT_TARGET = 10.1;
				MTL_ENABLE_DEBUG_INFO = YES;
				ONLY_ACTIVE_ARCH = YES;
				SDKROOT = iphoneos;
				SWIFT_ACTIVE_COMPILATION_CONDITIONS = DEBUG;
				SWIFT_OPTIMIZATION_LEVEL = "-Onone";
				TARGETED_DEVICE_FAMILY = "1,2";
			};
			name = Debug;
		};
		FCCDCC421E0B2265005E7095 /* Release */ = {
			isa = XCBuildConfiguration;
			buildSettings = {
				ALWAYS_SEARCH_USER_PATHS = NO;
				CLANG_ANALYZER_NONNULL = YES;
				CLANG_CXX_LANGUAGE_STANDARD = "gnu++0x";
				CLANG_CXX_LIBRARY = "libc++";
				CLANG_ENABLE_MODULES = YES;
				CLANG_ENABLE_OBJC_ARC = YES;
				CLANG_WARN_BOOL_CONVERSION = YES;
				CLANG_WARN_CONSTANT_CONVERSION = YES;
				CLANG_WARN_DIRECT_OBJC_ISA_USAGE = YES_ERROR;
				CLANG_WARN_DOCUMENTATION_COMMENTS = YES;
				CLANG_WARN_EMPTY_BODY = YES;
				CLANG_WARN_ENUM_CONVERSION = YES;
				CLANG_WARN_INFINITE_RECURSION = YES;
				CLANG_WARN_INT_CONVERSION = YES;
				CLANG_WARN_OBJC_ROOT_CLASS = YES_ERROR;
				CLANG_WARN_SUSPICIOUS_MOVE = YES;
				CLANG_WARN_UNREACHABLE_CODE = YES;
				CLANG_WARN__DUPLICATE_METHOD_MATCH = YES;
				"CODE_SIGN_IDENTITY[sdk=iphoneos*]" = "iPhone Developer";
				COPY_PHASE_STRIP = NO;
				DEBUG_INFORMATION_FORMAT = "dwarf-with-dsym";
				ENABLE_NS_ASSERTIONS = NO;
				ENABLE_STRICT_OBJC_MSGSEND = YES;
				GCC_C_LANGUAGE_STANDARD = gnu99;
				GCC_NO_COMMON_BLOCKS = YES;
				GCC_WARN_64_TO_32_BIT_CONVERSION = YES;
				GCC_WARN_ABOUT_RETURN_TYPE = YES_ERROR;
				GCC_WARN_UNDECLARED_SELECTOR = YES;
				GCC_WARN_UNINITIALIZED_AUTOS = YES_AGGRESSIVE;
				GCC_WARN_UNUSED_FUNCTION = YES;
				GCC_WARN_UNUSED_VARIABLE = YES;
				IPHONEOS_DEPLOYMENT_TARGET = 10.1;
				MTL_ENABLE_DEBUG_INFO = NO;
				SDKROOT = iphoneos;
				SWIFT_OPTIMIZATION_LEVEL = "-Owholemodule";
				TARGETED_DEVICE_FAMILY = "1,2";
				VALIDATE_PRODUCT = YES;
			};
			name = Release;
		};
		FCCDCC441E0B2265005E7095 /* Debug */ = {
			isa = XCBuildConfiguration;
			baseConfigurationReference = 788E4776CD9FAE0AEE06C75D /* Pods-PodTester.debug.xcconfig */;
			buildSettings = {
				ALWAYS_EMBED_SWIFT_STANDARD_LIBRARIES = YES;
				ASSETCATALOG_COMPILER_APPICON_NAME = AppIcon;
				DEVELOPMENT_TEAM = FC266WG8NL;
				INFOPLIST_FILE = PodTester/Info.plist;
				LD_RUNPATH_SEARCH_PATHS = "$(inherited) @executable_path/Frameworks";
				PRODUCT_BUNDLE_IDENTIFIER = MLx.PodTester;
				PRODUCT_NAME = "$(TARGET_NAME)";
				SWIFT_VERSION = 3.0;
			};
			name = Debug;
		};
		FCCDCC451E0B2265005E7095 /* Release */ = {
			isa = XCBuildConfiguration;
			baseConfigurationReference = 9754B13CFE395067E14B75EA /* Pods-PodTester.release.xcconfig */;
			buildSettings = {
				ALWAYS_EMBED_SWIFT_STANDARD_LIBRARIES = YES;
				ASSETCATALOG_COMPILER_APPICON_NAME = AppIcon;
				DEVELOPMENT_TEAM = FC266WG8NL;
				INFOPLIST_FILE = PodTester/Info.plist;
				LD_RUNPATH_SEARCH_PATHS = "$(inherited) @executable_path/Frameworks";
				PRODUCT_BUNDLE_IDENTIFIER = MLx.PodTester;
				PRODUCT_NAME = "$(TARGET_NAME)";
				SWIFT_VERSION = 3.0;
			};
			name = Release;
		};
		FCCDCC471E0B2265005E7095 /* Debug */ = {
			isa = XCBuildConfiguration;
			baseConfigurationReference = D3244482EDF45E3A8BCEF3A4 /* Pods-PodTesterTests.debug.xcconfig */;
			buildSettings = {
				ALWAYS_EMBED_SWIFT_STANDARD_LIBRARIES = YES;
				BUNDLE_LOADER = "$(TEST_HOST)";
				INFOPLIST_FILE = PodTesterTests/Info.plist;
				LD_RUNPATH_SEARCH_PATHS = "$(inherited) @executable_path/Frameworks @loader_path/Frameworks";
				PRODUCT_BUNDLE_IDENTIFIER = ML.PodTesterTests;
				PRODUCT_NAME = "$(TARGET_NAME)";
				SWIFT_VERSION = 3.0;
				TEST_HOST = "$(BUILT_PRODUCTS_DIR)/PodTester.app/PodTester";
			};
			name = Debug;
		};
		FCCDCC481E0B2265005E7095 /* Release */ = {
			isa = XCBuildConfiguration;
			baseConfigurationReference = EEEA8E2EECAA9A8B0A1F4CA7 /* Pods-PodTesterTests.release.xcconfig */;
			buildSettings = {
				ALWAYS_EMBED_SWIFT_STANDARD_LIBRARIES = YES;
				BUNDLE_LOADER = "$(TEST_HOST)";
				INFOPLIST_FILE = PodTesterTests/Info.plist;
				LD_RUNPATH_SEARCH_PATHS = "$(inherited) @executable_path/Frameworks @loader_path/Frameworks";
				PRODUCT_BUNDLE_IDENTIFIER = ML.PodTesterTests;
				PRODUCT_NAME = "$(TARGET_NAME)";
				SWIFT_VERSION = 3.0;
				TEST_HOST = "$(BUILT_PRODUCTS_DIR)/PodTester.app/PodTester";
			};
			name = Release;
		};
		FCCDCC4A1E0B2265005E7095 /* Debug */ = {
			isa = XCBuildConfiguration;
			baseConfigurationReference = B2A468867CC7B847AA0CD9F3 /* Pods-PodTesterUITests.debug.xcconfig */;
			buildSettings = {
				ALWAYS_EMBED_SWIFT_STANDARD_LIBRARIES = YES;
				INFOPLIST_FILE = PodTesterUITests/Info.plist;
				LD_RUNPATH_SEARCH_PATHS = "$(inherited) @executable_path/Frameworks @loader_path/Frameworks";
				PRODUCT_BUNDLE_IDENTIFIER = ML.PodTesterUITests;
				PRODUCT_NAME = "$(TARGET_NAME)";
				SWIFT_VERSION = 3.0;
				TEST_TARGET_NAME = PodTester;
			};
			name = Debug;
		};
		FCCDCC4B1E0B2265005E7095 /* Release */ = {
			isa = XCBuildConfiguration;
			baseConfigurationReference = F6C53D7369B63FDD5568DA23 /* Pods-PodTesterUITests.release.xcconfig */;
			buildSettings = {
				ALWAYS_EMBED_SWIFT_STANDARD_LIBRARIES = YES;
				INFOPLIST_FILE = PodTesterUITests/Info.plist;
				LD_RUNPATH_SEARCH_PATHS = "$(inherited) @executable_path/Frameworks @loader_path/Frameworks";
				PRODUCT_BUNDLE_IDENTIFIER = ML.PodTesterUITests;
				PRODUCT_NAME = "$(TARGET_NAME)";
				SWIFT_VERSION = 3.0;
				TEST_TARGET_NAME = PodTester;
			};
			name = Release;
		};
/* End XCBuildConfiguration section */

/* Begin XCConfigurationList section */
		FCCDCC161E0B2265005E7095 /* Build configuration list for PBXProject "PodTester" */ = {
			isa = XCConfigurationList;
			buildConfigurations = (
				FCCDCC411E0B2265005E7095 /* Debug */,
				FCCDCC421E0B2265005E7095 /* Release */,
			);
			defaultConfigurationIsVisible = 0;
			defaultConfigurationName = Release;
		};
		FCCDCC431E0B2265005E7095 /* Build configuration list for PBXNativeTarget "PodTester" */ = {
			isa = XCConfigurationList;
			buildConfigurations = (
				FCCDCC441E0B2265005E7095 /* Debug */,
				FCCDCC451E0B2265005E7095 /* Release */,
			);
			defaultConfigurationIsVisible = 0;
			defaultConfigurationName = Release;
		};
		FCCDCC461E0B2265005E7095 /* Build configuration list for PBXNativeTarget "PodTesterTests" */ = {
			isa = XCConfigurationList;
			buildConfigurations = (
				FCCDCC471E0B2265005E7095 /* Debug */,
				FCCDCC481E0B2265005E7095 /* Release */,
			);
			defaultConfigurationIsVisible = 0;
			defaultConfigurationName = Release;
		};
		FCCDCC491E0B2265005E7095 /* Build configuration list for PBXNativeTarget "PodTesterUITests" */ = {
			isa = XCConfigurationList;
			buildConfigurations = (
				FCCDCC4A1E0B2265005E7095 /* Debug */,
				FCCDCC4B1E0B2265005E7095 /* Release */,
			);
			defaultConfigurationIsVisible = 0;
			defaultConfigurationName = Release;
		};
/* End XCConfigurationList section */
	};
	rootObject = FCCDCC131E0B2265005E7095 /* Project object */;
}
