PODS:
  - MercadoPagoPXTracking (2.1.0)
  - MercadoPagoServices (1.0.6):
    - MercadoPagoPXTracking (= 2.1.0)

DEPENDENCIES:
  - MercadoPagoPXTracking (= 2.1.0)
  - MercadoPagoServices (= 1.0.6)

SPEC CHECKSUMS:
  MercadoPagoPXTracking: 0e1a78ead026d1a3ba58c749cd870c41559944a0
  MercadoPagoServices: b2b6f73455f9f2d89ff242b21eb202063677de87

PODFILE CHECKSUM: ef522467619f6e1c3a6f9f7730538136c7b6912d

COCOAPODS: 1.4.0
