PODS:
  - FXBlurView (1.6.4)
  - JRSwizzle (1.0)
  - MercadoPagoPXTracking (2.1.2)
  - MercadoPagoServices (1.0.9):
    - MercadoPagoPXTracking (= 2.1.2)
  - MLUI (4.0.0):
    - MLUI/ActionButton (= 4.0.0)
    - MLUI/Core (= 4.0.0)
    - MLUI/Helpers (= 4.0.0)
    - MLUI/MLButton (= 4.0.0)
    - MLUI/MLCheckBox (= 4.0.0)
    - MLUI/MLColorPalette (= 4.0.0)
    - MLUI/MLContextualMenu (= 4.0.0)
    - MLUI/MLFonts (= 4.0.0)
    - MLUI/MLGenericErrorView (= 4.0.0)
    - MLUI/MLHtml (= 4.0.0)
    - MLUI/MLModal (= 4.0.0)
    - MLUI/MLRadioButton (= 4.0.0)
    - MLUI/MLSnackBar (= 4.0.0)
    - MLUI/MLSpacing (= 4.0.0)
    - MLUI/MLSpinner (= 4.0.0)
    - MLUI/MLSwitch (= 4.0.0)
    - MLUI/MLTextView (= 4.0.0)
    - MLUI/MLTitledMultiLineTextField (= 4.0.0)
    - MLUI/MLTitledSingleLineTextField (= 4.0.0)
    - MLUI/PriceView (= 4.0.0)
    - MLUI/SnackBarView (= 4.0.0)
    - MLUI/StyleSheet (= 4.0.0)
  - MLUI/ActionButton (4.0.0):
    - MLUI/Core
  - MLUI/Core (4.0.0):
    - MLUI/MLFonts
  - MLUI/Helpers (4.0.0)
  - MLUI/MLButton (4.0.0):
    - MLUI/MLColorPalette
    - MLUI/MLFonts
    - MLUI/MLSpinner
    - MLUI/StyleSheet
  - MLUI/MLCheckBox (4.0.0):
    - MLUI/MLColorPalette
  - MLUI/MLColorPalette (4.0.0)
  - MLUI/MLContextualMenu (4.0.0):
    - MLUI/MLColorPalette
    - MLUI/MLFonts
  - MLUI/MLFonts (4.0.0):
    - JRSwizzle (= 1.0)
    - MLUI/Helpers
    - MLUI/StyleSheet
  - MLUI/MLGenericErrorView (4.0.0):
    - MLUI/MLButton
    - MLUI/MLColorPalette
    - MLUI/MLSpacing
  - MLUI/MLHtml (4.0.0):
    - MLUI/MLFonts
  - MLUI/MLModal (4.0.0):
    - FXBlurView (~> 1.6)
    - MLUI/Core
    - MLUI/MLButton
    - MLUI/MLColorPalette
    - MLUI/MLFonts
    - MLUI/StyleSheet
  - MLUI/MLRadioButton (4.0.0):
    - MLUI/MLColorPalette
  - MLUI/MLSnackBar (4.0.0):
    - MLUI/Helpers
    - MLUI/MLButton
    - MLUI/MLColorPalette
    - MLUI/MLFonts
  - MLUI/MLSpacing (4.0.0):
    - JRSwizzle (= 1.0)
    - MLUI/MLFonts
  - MLUI/MLSpinner (4.0.0):
    - MLUI/MLColorPalette
    - MLUI/MLFonts
    - MLUI/StyleSheet
  - MLUI/MLSwitch (4.0.0):
    - MLUI/Helpers
    - MLUI/MLColorPalette
  - MLUI/MLTextView (4.0.0):
    - MLUI/MLColorPalette
    - MLUI/MLFonts
  - MLUI/MLTitledMultiLineTextField (4.0.0):
    - MLUI/MLColorPalette
    - MLUI/MLFonts
    - MLUI/MLTitledSingleLineTextField
    - MLUI/StyleSheet
  - MLUI/MLTitledSingleLineTextField (4.0.0):
    - MLUI/MLColorPalette
    - MLUI/MLFonts
    - MLUI/StyleSheet
  - MLUI/PriceView (4.0.0):
    - MLUI/Core
    - MLUI/MLFonts
  - MLUI/SnackBarView (4.0.0):
    - MLUI/Helpers
    - MLUI/MLFonts
  - MLUI/StyleSheet (4.0.0)

DEPENDENCIES:
  - MercadoPagoPXTracking (= 2.1.2)
  - MercadoPagoServices (= 1.0.9)
  - MLUI (= 4.0.0)

SPEC CHECKSUMS:
  FXBlurView: db786c2561cb49a09ae98407f52460096ab8a44f
  JRSwizzle: dd5ead5d913a0f29e7f558200165849f006bb1e3
  MercadoPagoPXTracking: 844e3fa9a8b7cb9eedff4d2bf5f696a25b6b57d6
  MercadoPagoServices: e10e3d2e0d24e2d30232b025fadf58c5e2450806
  MLUI: 2e2d756b4763b22783fa3c0d01aa765b13ce214f

PODFILE CHECKSUM: 3880517710d3eec2707a409399c34857f67f41c7

COCOAPODS: 1.4.0
