PODS:
  - MercadoPagoSDK (3.0.0-DEVELOP):
    - MercadoPagoSDK/Localization (= 3.0.0-DEVELOP)
  - MercadoPagoSDK/Localization (3.0.0-DEVELOP):
    - MercadoPagoSDK/Localization/en (= 3.0.0-DEVELOP)
    - MercadoPagoSDK/Localization/es (= 3.0.0-DEVELOP)
    - MercadoPagoSDK/Localization/es-CO (= 3.0.0-DEVELOP)
    - MercadoPagoSDK/Localization/es-MX (= 3.0.0-DEVELOP)
    - MercadoPagoSDK/Localization/es-PE (= 3.0.0-DEVELOP)
    - MercadoPagoSDK/Localization/es-UY (= 3.0.0-DEVELOP)
    - MercadoPagoSDK/Localization/es-VE (= 3.0.0-DEVELOP)
    - MercadoPagoSDK/Localization/pt (= 3.0.0-DEVELOP)
  - MercadoPagoSDK/Localization/en (3.0.0-DEVELOP)
  - MercadoPagoSDK/Localization/es (3.0.0-DEVELOP)
  - MercadoPagoSDK/Localization/es-CO (3.0.0-DEVELOP)
  - MercadoPagoSDK/Localization/es-MX (3.0.0-DEVELOP)
  - MercadoPagoSDK/Localization/es-PE (3.0.0-DEVELOP)
  - MercadoPagoSDK/Localization/es-UY (3.0.0-DEVELOP)
  - MercadoPagoSDK/Localization/es-VE (3.0.0-DEVELOP)
  - MercadoPagoSDK/Localization/pt (3.0.0-DEVELOP)

DEPENDENCIES:
  - MercadoPagoSDK (from `../`)

EXTERNAL SOURCES:
  MercadoPagoSDK:
    :path: ../

SPEC CHECKSUMS:
  MercadoPagoSDK: bfb196026ce6766b662fd974711f7fa14b2333f4

PODFILE CHECKSUM: 0992ca2f8d7c2acabf817b7477463fa790adf87b

COCOAPODS: 1.1.1
