PODS:
  - MercadoPagoSDK (3.2.2):
    - MercadoPagoSDK/Default (= 3.2.2)
  - MercadoPagoSDK/Default (3.2.2)

DEPENDENCIES:
  - MercadoPagoSDK (from `../`)

EXTERNAL SOURCES:
  MercadoPagoSDK:
    :path: ../

SPEC CHECKSUMS:
  MercadoPagoSDK: 26e5daf4472d0fc237c38efbf357966c7b8780d4

PODFILE CHECKSUM: 7652d70c091fe815ac1f0c32abd1230fe0dccf1a

COCOAPODS: 1.1.1
