PODS:
  - MercadoPagoPXTracking (2.1.0)
  - MercadoPagoServices (1.0.6):
    - MercadoPagoPXTracking (= 2.1.0)

DEPENDENCIES:
  - MercadoPagoPXTracking (= 2.1.0)
  - MercadoPagoServices (= 1.0.6)

SPEC CHECKSUMS:
  MercadoPagoPXTracking: 0e1a78ead026d1a3ba58c749cd870c41559944a0
  MercadoPagoServices: b2b6f73455f9f2d89ff242b21eb202063677de87

PODFILE CHECKSUM: 2cc235932c424b9ad648d7ea004da79a96c05814

COCOAPODS: 1.4.0
